<?xml version="1.0" encoding="utf-8"?>
<Project ToolsVersion="4.0" xmlns="http://schemas.microsoft.com/developer/msbuild/2003">
  <ItemGroup>
    <ClInclude Include="..\..\..\..\..\Common_3\OS\Android\android_native_app_glue.h" />
  </ItemGroup>
  <ItemGroup>
    <ClCompile Include="..\..\..\..\..\Common_3\OS\Android\android_native_app_glue.c" />
    <ClCompile Include="..\..\..\src\15_Transparency\15_Transparency.cpp" />
  </ItemGroup>
  <ItemGroup>
    <Filter Include="Shaders">
      <UniqueIdentifier>{97028d05-c873-4dc4-9202-8e958de8afd5}</UniqueIdentifier>
    </Filter>
  </ItemGroup>
  <ItemGroup>
    <None Include="..\..\..\src\15_Transparency\Shaders\Vulkan\AdaptiveOIT.frag" />
    <None Include="..\..\..\src\15_Transparency\Shaders\Vulkan\AdaptiveOITClear.frag" />
    <None Include="..\..\..\src\15_Transparency\Shaders\Vulkan\AdaptiveOITComposite.frag" />
    <None Include="..\..\..\src\15_Transparency\Shaders\Vulkan\copy.frag" />
    <None Include="..\..\..\src\15_Transparency\Shaders\Vulkan\downsample.frag" />
    <None Include="..\..\..\src\15_Transparency\Shaders\Vulkan\forward.frag" />
    <None Include="..\..\..\src\15_Transparency\Shaders\Vulkan\forward.vert" />
    <None Include="..\..\..\src\15_Transparency\Shaders\Vulkan\fullscreen.vert" />
    <None Include="..\..\..\src\15_Transparency\Shaders\Vulkan\gaussianBlur.frag" />
    <None Include="..\..\..\src\15_Transparency\Shaders\Vulkan\generateMips.comp" />
    <None Include="..\..\..\src\15_Transparency\Shaders\Vulkan\phenomenologicalTransparency.frag" />
    <None Include="..\..\..\src\15_Transparency\Shaders\Vulkan\phenomenologicalTransparencyComposite.frag" />
    <None Include="..\..\..\src\15_Transparency\Shaders\Vulkan\shading.h" />
    <None Include="..\..\..\src\15_Transparency\Shaders\Vulkan\shadow.frag" />
    <None Include="..\..\..\src\15_Transparency\Shaders\Vulkan\shadow.vert" />
    <None Include="..\..\..\src\15_Transparency\Shaders\Vulkan\skybox.frag" />
    <None Include="..\..\..\src\15_Transparency\Shaders\Vulkan\skybox.vert" />
    <None Include="..\..\..\src\15_Transparency\Shaders\Vulkan\stochasticShadow.frag" />
    <None Include="..\..\..\src\15_Transparency\Shaders\Vulkan\varianceShadowMapping.h" />
    <None Include="..\..\..\src\15_Transparency\Shaders\Vulkan\weightedBlendedOIT.frag" />
    <None Include="..\..\..\src\15_Transparency\Shaders\Vulkan\weightedBlendedOITComposite.frag" />
    <None Include="..\..\..\src\15_Transparency\Shaders\Vulkan\weightedBlendedOITVolition.frag" />
    <None Include="..\..\..\src\15_Transparency\Shaders\Vulkan\weightedBlendedOITVolitionComposite.frag" />
  </ItemGroup>
</Project>