<?xml version="1.0" encoding="utf-8"?>
<Project ToolsVersion="4.0" xmlns="http://schemas.microsoft.com/developer/msbuild/2003">
  <ItemGroup>
    <Filter Include="Source Files">
      <UniqueIdentifier>{d0979d97-7f0e-4556-b920-2142af65c39e}</UniqueIdentifier>
    </Filter>
    <Filter Include="Shaders">
      <UniqueIdentifier>{c2e84fd6-adae-4734-bc2a-4da88250b3e3}</UniqueIdentifier>
    </Filter>
    <Filter Include="Shaders\Vulkan">
      <UniqueIdentifier>{c5d3607f-970b-4814-8ae2-327d3571d43e}</UniqueIdentifier>
    </Filter>
    <Filter Include="Shaders\D3D12">
      <UniqueIdentifier>{45acf34d-daa2-413e-b4a5-6476c2cf16a3}</UniqueIdentifier>
    </Filter>
  </ItemGroup>
  <ItemGroup>
    <ClCompile Include="..\src\03_MultiThread\03_MultiThread.cpp">
      <Filter>Source Files</Filter>
    </ClCompile>
  </ItemGroup>
  <ItemGroup>
    <None Include="..\src\03_MultiThread\Shaders\D3D12\Graph.frag">
      <Filter>Shaders\D3D12</Filter>
    </None>
    <None Include="..\src\03_MultiThread\Shaders\D3D12\Graph.vert">
      <Filter>Shaders\D3D12</Filter>
    </None>
    <None Include="..\src\03_MultiThread\Shaders\D3D12\Particle.frag">
      <Filter>Shaders\D3D12</Filter>
    </None>
    <None Include="..\src\03_MultiThread\Shaders\D3D12\Particle.vert">
      <Filter>Shaders\D3D12</Filter>
    </None>
    <None Include="..\src\03_MultiThread\Shaders\D3D12\Skybox.frag">
      <Filter>Shaders\D3D12</Filter>
    </None>
    <None Include="..\src\03_MultiThread\Shaders\D3D12\Skybox.vert">
      <Filter>Shaders\D3D12</Filter>
    </None>
  </ItemGroup>
  <ItemGroup>
    <CustomBuild Include="..\src\03_MultiThread\Shaders\Vulkan\Graph.frag">
      <Filter>Shaders\Vulkan</Filter>
    </CustomBuild>
    <CustomBuild Include="..\src\03_MultiThread\Shaders\Vulkan\Graph.vert">
      <Filter>Shaders\Vulkan</Filter>
    </CustomBuild>
    <CustomBuild Include="..\src\03_MultiThread\Shaders\Vulkan\Particle.frag">
      <Filter>Shaders\Vulkan</Filter>
    </CustomBuild>
    <CustomBuild Include="..\src\03_MultiThread\Shaders\Vulkan\Particle.vert">
      <Filter>Shaders\Vulkan</Filter>
    </CustomBuild>
    <CustomBuild Include="..\src\03_MultiThread\Shaders\Vulkan\Skybox.frag">
      <Filter>Shaders\Vulkan</Filter>
    </CustomBuild>
    <CustomBuild Include="..\src\03_MultiThread\Shaders\Vulkan\Skybox.vert">
      <Filter>Shaders\Vulkan</Filter>
    </CustomBuild>
  </ItemGroup>
</Project>