<?xml version="1.0" encoding="utf-8"?>
<Project ToolsVersion="4.0" xmlns="http://schemas.microsoft.com/developer/msbuild/2003">
  <ItemGroup>
    <Filter Include="Source Files">
      <UniqueIdentifier>{f0e23360-0f74-4001-a64d-e9746e4a2757}</UniqueIdentifier>
    </Filter>
    <Filter Include="Shaders">
      <UniqueIdentifier>{01dc2ea1-77e8-4177-9ba9-200b4e1f4086}</UniqueIdentifier>
    </Filter>
    <Filter Include="Shaders\Vulkan">
      <UniqueIdentifier>{39a2aad6-b1be-4450-ab06-fbd5d75b2dc0}</UniqueIdentifier>
    </Filter>
    <Filter Include="Shaders\D3D11">
      <UniqueIdentifier>{06b88ae4-5656-4f11-ae98-e0b720b20f96}</UniqueIdentifier>
    </Filter>
    <Filter Include="Shaders\D3D12">
      <UniqueIdentifier>{f59d5be5-471e-44fb-9b4f-9939b7bd3fb5}</UniqueIdentifier>
    </Filter>
    <Filter Include="Shaders\Metal">
      <UniqueIdentifier>{a169fad6-7801-4dcf-8104-af2eeb44f636}</UniqueIdentifier>
    </Filter>
  </ItemGroup>
  <ItemGroup>
    <ClCompile Include="..\src\08_GltfViewer\08_GltfViewer.cpp">
      <Filter>Source Files</Filter>
    </ClCompile>
  </ItemGroup>
  <ItemGroup>
    <None Include="..\src\08_GltfViewer\Shaders\D3D11\profile.frag">
      <Filter>Shaders\D3D11</Filter>
    </None>
    <None Include="..\src\08_GltfViewer\Shaders\D3D11\profile.vert">
      <Filter>Shaders\D3D11</Filter>
    </None>
    <None Include="..\src\08_GltfViewer\Shaders\D3D12\basic.frag">
      <Filter>Shaders\D3D12</Filter>
    </None>
    <None Include="..\src\08_GltfViewer\Shaders\D3D12\basic.vert">
      <Filter>Shaders\D3D12</Filter>
    </None>
    <None Include="..\src\08_GltfViewer\Shaders\D3D12\profile.frag">
      <Filter>Shaders\D3D12</Filter>
    </None>
    <None Include="..\src\08_GltfViewer\Shaders\D3D12\profile.vert">
      <Filter>Shaders\D3D12</Filter>
    </None>
    <None Include="..\src\08_GltfViewer\Shaders\Metal\basic.frag.metal">
      <Filter>Shaders\Metal</Filter>
    </None>
    <None Include="..\src\08_GltfViewer\Shaders\Metal\basic.vert.metal">
      <Filter>Shaders\Metal</Filter>
    </None>
    <None Include="..\src\08_GltfViewer\Shaders\Metal\profile.frag.metal">
      <Filter>Shaders\Metal</Filter>
    </None>
    <None Include="..\src\08_GltfViewer\Shaders\Metal\profile.vert.metal">
      <Filter>Shaders\Metal</Filter>
    </None>
    <None Include="..\src\08_GltfViewer\Shaders\Vulkan\basic.frag">
      <Filter>Shaders\Vulkan</Filter>
    </None>
    <None Include="..\src\08_GltfViewer\Shaders\Vulkan\basic.vert">
      <Filter>Shaders\Vulkan</Filter>
    </None>
    <None Include="..\src\08_GltfViewer\Shaders\Vulkan\profile.frag">
      <Filter>Shaders\Vulkan</Filter>
    </None>
    <None Include="..\src\08_GltfViewer\Shaders\Vulkan\profile.vert">
      <Filter>Shaders\Vulkan</Filter>
    </None>
    <None Include="..\src\08_GltfViewer\Shaders\D3D11\basic.frag">
      <Filter>Shaders\D3D11</Filter>
    </None>
    <None Include="..\src\08_GltfViewer\Shaders\D3D11\basic.vert">
      <Filter>Shaders\D3D11</Filter>
    </None>
    <None Include="..\src\08_GltfViewer\Shaders\D3D12\FXAA.frag">
      <Filter>Shaders\D3D12</Filter>
    </None>
    <None Include="..\src\08_GltfViewer\Shaders\D3D12\Triangular.vert">
      <Filter>Shaders\D3D12</Filter>
    </None>
    <None Include="..\src\08_GltfViewer\Shaders\Vulkan\FXAA.frag">
      <Filter>Shaders\Vulkan</Filter>
    </None>
    <None Include="..\src\08_GltfViewer\Shaders\Vulkan\Triangular.vert">
      <Filter>Shaders\Vulkan</Filter>
    </None>
    <None Include="..\src\08_GltfViewer\Shaders\D3D12\floor.frag">
      <Filter>Shaders\D3D12</Filter>
    </None>
    <None Include="..\src\08_GltfViewer\Shaders\D3D12\floor.vert">
      <Filter>Shaders\D3D12</Filter>
    </None>
    <None Include="..\src\08_GltfViewer\Shaders\D3D12\vignette.frag">
      <Filter>Shaders\D3D12</Filter>
    </None>
    <None Include="..\src\08_GltfViewer\Shaders\Vulkan\floor.frag">
      <Filter>Shaders\Vulkan</Filter>
    </None>
    <None Include="..\src\08_GltfViewer\Shaders\Vulkan\floor.vert">
      <Filter>Shaders\Vulkan</Filter>
    </None>
    <None Include="..\src\08_GltfViewer\Shaders\Vulkan\vignette.frag">
      <Filter>Shaders\Vulkan</Filter>
    </None>
    <None Include="..\src\08_GltfViewer\Shaders\D3D12\watermark.frag">
      <Filter>Shaders\D3D12</Filter>
    </None>
    <None Include="..\src\08_GltfViewer\Shaders\D3D12\watermark.vert">
      <Filter>Shaders\D3D12</Filter>
    </None>
    <None Include="..\src\08_GltfViewer\Shaders\Vulkan\watermark.frag">
      <Filter>Shaders\Vulkan</Filter>
    </None>
    <None Include="..\src\08_GltfViewer\Shaders\Vulkan\watermark.vert">
      <Filter>Shaders\Vulkan</Filter>
    </None>
    <None Include="..\src\08_GltfViewer\Shaders\D3D12\zPass.vert">
      <Filter>Shaders\D3D12</Filter>
    </None>
    <None Include="..\src\08_GltfViewer\Shaders\D3D12\zPassFloor.vert">
      <Filter>Shaders\D3D12</Filter>
    </None>
    <None Include="..\src\08_GltfViewer\Shaders\Vulkan\zPass.vert">
      <Filter>Shaders\Vulkan</Filter>
    </None>
    <None Include="..\src\08_GltfViewer\Shaders\Vulkan\zPassFloor.vert">
      <Filter>Shaders\Vulkan</Filter>
    </None>
  </ItemGroup>
</Project>