// !$*UTF8*$!
{
	archiveVersion = 1;
	classes = {
	};
	objectVersion = 54;
	objects = {

/* Begin PBXBuildFile section */
		28A5AC8B201F682F000E571F /* Assets.xcassets in Resources */ = {isa = PBXBuildFile; fileRef = 28A5AC8A201F682F000E571F /* Assets.xcassets */; };
		28A5ACE6201F69FF000E571F /* AsteroidSim.cpp in Sources */ = {isa = PBXBuildFile; fileRef = D2A520561F4ED89800C9B029 /* AsteroidSim.cpp */; };
		28A5ACE7201F69FF000E571F /* simplexnoise1234.cpp in Sources */ = {isa = PBXBuildFile; fileRef = D2A5205A1F4ED89800C9B029 /* simplexnoise1234.cpp */; };
		28A5ACE8201F69FF000E571F /* TextureGen.cpp in Sources */ = {isa = PBXBuildFile; fileRef = D2A5205C1F4ED89800C9B029 /* TextureGen.cpp */; };
		28A5ACE9201F6B65000E571F /* 04_ExecuteIndirect.cpp in Sources */ = {isa = PBXBuildFile; fileRef = D28782F11F0A7F98004DC624 /* 04_ExecuteIndirect.cpp */; };
		5C172F6C214149430074EE71 /* AppDelegate.m in Sources */ = {isa = PBXBuildFile; fileRef = 5C172F6A214149430074EE71 /* AppDelegate.m */; };
		5C172F6F214149560074EE71 /* libThe-Forge.a in Frameworks */ = {isa = PBXBuildFile; fileRef = 5C172F69214149300074EE71 /* libThe-Forge.a */; };
		5C17302721414DEE0074EE71 /* AppDelegate.m in Sources */ = {isa = PBXBuildFile; fileRef = 5C17302621414DEE0074EE71 /* AppDelegate.m */; };
		5C17302821414DF70074EE71 /* libThe-Forge_iOS.a in Frameworks */ = {isa = PBXBuildFile; fileRef = 5C17302521414DEE0074EE71 /* libThe-Forge_iOS.a */; };
		5CABF3722141542C00EFD76A /* GameController.framework in Frameworks */ = {isa = PBXBuildFile; fileRef = 5CABF3712141542C00EFD76A /* GameController.framework */; };
		650CCC4B2223C4C1003533D9 /* MetalPerformanceShaders.framework in Frameworks */ = {isa = PBXBuildFile; fileRef = 650CCC4A2223C4C1003533D9 /* MetalPerformanceShaders.framework */; };
		650CCC4D2223C4CB003533D9 /* MetalPerformanceShaders.framework in Frameworks */ = {isa = PBXBuildFile; fileRef = 650CCC4C2223C4CB003533D9 /* MetalPerformanceShaders.framework */; };
		99E0AC7128594DCD00AB602D /* CoreHaptics.framework in Frameworks */ = {isa = PBXBuildFile; fileRef = 99E0AC7028594DCD00AB602D /* CoreHaptics.framework */; };
		B2087DDF21421A30006F372D /* MetalKit.framework in Frameworks */ = {isa = PBXBuildFile; fileRef = B2087DDD21421A30006F372D /* MetalKit.framework */; };
		B2087DE021421A30006F372D /* Metal.framework in Frameworks */ = {isa = PBXBuildFile; fileRef = B2087DDE21421A30006F372D /* Metal.framework */; };
		B210A88D20EC696F00AE0CE0 /* LaunchScreen.storyboard in Resources */ = {isa = PBXBuildFile; fileRef = B210A88B20EC696F00AE0CE0 /* LaunchScreen.storyboard */; };
		B21F76CA21420E9400DF2297 /* UIKit.framework in Frameworks */ = {isa = PBXBuildFile; fileRef = B21F76C721420E9400DF2297 /* UIKit.framework */; };
		B21F76CB21420E9400DF2297 /* MetalKit.framework in Frameworks */ = {isa = PBXBuildFile; fileRef = B21F76C821420E9400DF2297 /* MetalKit.framework */; };
		B21F76CC21420E9400DF2297 /* Metal.framework in Frameworks */ = {isa = PBXBuildFile; fileRef = B21F76C921420E9400DF2297 /* Metal.framework */; };
		B2CDF4DD20B760DE000DC071 /* Panini.cpp in Sources */ = {isa = PBXBuildFile; fileRef = B2CDF4DB20B760DE000DC071 /* Panini.cpp */; };
		B2CDF4DE20B760DE000DC071 /* Panini.cpp in Sources */ = {isa = PBXBuildFile; fileRef = B2CDF4DB20B760DE000DC071 /* Panini.cpp */; };
		D28782F01F0A7F52004DC624 /* Assets.xcassets in Resources */ = {isa = PBXBuildFile; fileRef = D28782EF1F0A7F52004DC624 /* Assets.xcassets */; };
		D28782F21F0A7F98004DC624 /* 04_ExecuteIndirect.cpp in Sources */ = {isa = PBXBuildFile; fileRef = D28782F11F0A7F98004DC624 /* 04_ExecuteIndirect.cpp */; };
		D2A5205E1F4ED89900C9B029 /* AsteroidSim.cpp in Sources */ = {isa = PBXBuildFile; fileRef = D2A520561F4ED89800C9B029 /* AsteroidSim.cpp */; };
		D2A5205F1F4ED89900C9B029 /* simplexnoise1234.cpp in Sources */ = {isa = PBXBuildFile; fileRef = D2A5205A1F4ED89800C9B029 /* simplexnoise1234.cpp */; };
		D2A520601F4ED89900C9B029 /* TextureGen.cpp in Sources */ = {isa = PBXBuildFile; fileRef = D2A5205C1F4ED89800C9B029 /* TextureGen.cpp */; };
		D2E631E11F3472DF005BFBA7 /* MainMenu.xib in Resources */ = {isa = PBXBuildFile; fileRef = D2E631DF1F3472DF005BFBA7 /* MainMenu.xib */; };
/* End PBXBuildFile section */

/* Begin PBXContainerItemProxy section */
		5C172F68214149300074EE71 /* PBXContainerItemProxy */ = {
			isa = PBXContainerItemProxy;
			containerPortal = 5C172F64214149300074EE71 /* The-Forge.xcodeproj */;
			proxyType = 2;
			remoteGlobalIDString = 5C5582E021413D180019960B;
			remoteInfo = "The-Forge";
		};
		5C17302421414DEE0074EE71 /* PBXContainerItemProxy */ = {
			isa = PBXContainerItemProxy;
			containerPortal = 5C172F64214149300074EE71 /* The-Forge.xcodeproj */;
			proxyType = 2;
			remoteGlobalIDString = 5C172FC821414C490074EE71;
			remoteInfo = "The-Forge_iOS";
		};
		5C17302921414DFD0074EE71 /* PBXContainerItemProxy */ = {
			isa = PBXContainerItemProxy;
			containerPortal = 5C172F64214149300074EE71 /* The-Forge.xcodeproj */;
			proxyType = 1;
			remoteGlobalIDString = 5C172FC721414C490074EE71;
			remoteInfo = "The-Forge_iOS";
		};
		E95891F0234159F000B68D6A /* PBXContainerItemProxy */ = {
			isa = PBXContainerItemProxy;
			containerPortal = 5C172F64214149300074EE71 /* The-Forge.xcodeproj */;
			proxyType = 1;
			remoteGlobalIDString = 5C5582DF21413D180019960B;
			remoteInfo = "The-Forge";
		};
/* End PBXContainerItemProxy section */

/* Begin PBXFileReference section */
		09D4FEEB2821C360000E3229 /* ShaderList.fsl */ = {isa = PBXFileReference; fileEncoding = 4; lastKnownFileType = text; name = ShaderList.fsl; path = ../../src/04_ExecuteIndirect/Shaders/FSL/ShaderList.fsl; sourceTree = "<group>"; };
		28A5AC79201F682F000E571F /* 04_ExecuteIndirect_iOS.app */ = {isa = PBXFileReference; explicitFileType = wrapper.application; includeInIndex = 0; path = 04_ExecuteIndirect_iOS.app; sourceTree = BUILT_PRODUCTS_DIR; };
		28A5AC8A201F682F000E571F /* Assets.xcassets */ = {isa = PBXFileReference; lastKnownFileType = folder.assetcatalog; name = Assets.xcassets; path = 04_ExecuteIndirect_iOS/Assets.xcassets; sourceTree = SOURCE_ROOT; };
		28A5AC8F201F682F000E571F /* Info.plist */ = {isa = PBXFileReference; lastKnownFileType = text.plist.xml; name = Info.plist; path = 04_ExecuteIndirect_iOS/Info.plist; sourceTree = SOURCE_ROOT; };
		5C172F64214149300074EE71 /* The-Forge.xcodeproj */ = {isa = PBXFileReference; lastKnownFileType = "wrapper.pb-project"; name = "The-Forge.xcodeproj"; path = "../The-Forge/The-Forge.xcodeproj"; sourceTree = "<group>"; };
		5C172F6A214149430074EE71 /* AppDelegate.m */ = {isa = PBXFileReference; fileEncoding = 4; lastKnownFileType = sourcecode.c.objc; name = AppDelegate.m; path = ../../../../../Common_3/OS/Darwin/macOSAppDelegate.m; sourceTree = "<group>"; };
		5C172F6B214149430074EE71 /* AppDelegate.h */ = {isa = PBXFileReference; fileEncoding = 4; lastKnownFileType = sourcecode.c.h; name = AppDelegate.h; path = ../../../../../Common_3/OS/Darwin/macOSAppDelegate.h; sourceTree = "<group>"; };
		5C17302221414DEE0074EE71 /* AppDelegate.h */ = {isa = PBXFileReference; fileEncoding = 4; lastKnownFileType = sourcecode.c.h; name = AppDelegate.h; path = ../../../../Common_3/OS/Darwin/iOSAppDelegate.h; sourceTree = "<group>"; };
		5C17302621414DEE0074EE71 /* AppDelegate.m */ = {isa = PBXFileReference; fileEncoding = 4; lastKnownFileType = sourcecode.c.objc; name = AppDelegate.m; path = ../../../../Common_3/OS/Darwin/iOSAppDelegate.m; sourceTree = "<group>"; };
		5CABF3712141542C00EFD76A /* GameController.framework */ = {isa = PBXFileReference; lastKnownFileType = wrapper.framework; name = GameController.framework; path = Platforms/iPhoneOS.platform/Developer/SDKs/iPhoneOS11.4.sdk/System/Library/Frameworks/GameController.framework; sourceTree = DEVELOPER_DIR; };
		650CCC4A2223C4C1003533D9 /* MetalPerformanceShaders.framework */ = {isa = PBXFileReference; lastKnownFileType = wrapper.framework; name = MetalPerformanceShaders.framework; path = System/Library/Frameworks/MetalPerformanceShaders.framework; sourceTree = SDKROOT; };
		650CCC4C2223C4CB003533D9 /* MetalPerformanceShaders.framework */ = {isa = PBXFileReference; lastKnownFileType = wrapper.framework; name = MetalPerformanceShaders.framework; path = Platforms/iPhoneOS.platform/Developer/SDKs/iPhoneOS12.1.sdk/System/Library/Frameworks/MetalPerformanceShaders.framework; sourceTree = DEVELOPER_DIR; };
		9732829725C4295A0076E8FF /* shaderDefs.h.fsl */ = {isa = PBXFileReference; lastKnownFileType = sourcecode.c.h; name = shaderDefs.h.fsl; path = ../../src/04_ExecuteIndirect/Shaders/FSL/shaderDefs.h.fsl; sourceTree = "<group>"; };
		97C9090925BF404F003C978D /* ExecuteIndirect.vert.fsl */ = {isa = PBXFileReference; fileEncoding = 4; lastKnownFileType = text; name = ExecuteIndirect.vert.fsl; path = ../../src/04_ExecuteIndirect/Shaders/FSL/ExecuteIndirect.vert.fsl; sourceTree = "<group>"; };
		97C9090A25BF404F003C978D /* basic.vert.fsl */ = {isa = PBXFileReference; fileEncoding = 4; lastKnownFileType = text; name = basic.vert.fsl; path = ../../src/04_ExecuteIndirect/Shaders/FSL/basic.vert.fsl; sourceTree = "<group>"; };
		97C9090B25BF404F003C978D /* ComputeUpdate.comp.fsl */ = {isa = PBXFileReference; fileEncoding = 4; lastKnownFileType = text; name = ComputeUpdate.comp.fsl; path = ../../src/04_ExecuteIndirect/Shaders/FSL/ComputeUpdate.comp.fsl; sourceTree = "<group>"; };
		97C9090C25BF404F003C978D /* skybox.vert.fsl */ = {isa = PBXFileReference; fileEncoding = 4; lastKnownFileType = text; name = skybox.vert.fsl; path = ../../src/04_ExecuteIndirect/Shaders/FSL/skybox.vert.fsl; sourceTree = "<group>"; };
		97C9090D25BF404F003C978D /* basic.frag.fsl */ = {isa = PBXFileReference; fileEncoding = 4; lastKnownFileType = text; name = basic.frag.fsl; path = ../../src/04_ExecuteIndirect/Shaders/FSL/basic.frag.fsl; sourceTree = "<group>"; };
		97C9090E25BF404F003C978D /* ExecuteIndirect.frag.fsl */ = {isa = PBXFileReference; fileEncoding = 4; lastKnownFileType = text; name = ExecuteIndirect.frag.fsl; path = ../../src/04_ExecuteIndirect/Shaders/FSL/ExecuteIndirect.frag.fsl; sourceTree = "<group>"; };
		97C9091025BF404F003C978D /* skybox.frag.fsl */ = {isa = PBXFileReference; fileEncoding = 4; lastKnownFileType = text; name = skybox.frag.fsl; path = ../../src/04_ExecuteIndirect/Shaders/FSL/skybox.frag.fsl; sourceTree = "<group>"; };
		99E0AC7028594DCD00AB602D /* CoreHaptics.framework */ = {isa = PBXFileReference; lastKnownFileType = wrapper.framework; name = CoreHaptics.framework; path = Platforms/iPhoneOS.platform/Developer/SDKs/iPhoneOS16.0.sdk/System/Library/Frameworks/CoreHaptics.framework; sourceTree = DEVELOPER_DIR; };
		B2087DDD21421A30006F372D /* MetalKit.framework */ = {isa = PBXFileReference; lastKnownFileType = wrapper.framework; name = MetalKit.framework; path = System/Library/Frameworks/MetalKit.framework; sourceTree = SDKROOT; };
		B2087DDE21421A30006F372D /* Metal.framework */ = {isa = PBXFileReference; lastKnownFileType = wrapper.framework; name = Metal.framework; path = System/Library/Frameworks/Metal.framework; sourceTree = SDKROOT; };
		B210A88C20EC696F00AE0CE0 /* Base */ = {isa = PBXFileReference; lastKnownFileType = file.storyboard; name = Base; path = 04_ExecuteIndirect_iOS/Base.lproj/LaunchScreen.storyboard; sourceTree = "<group>"; };
		B21F76C721420E9400DF2297 /* UIKit.framework */ = {isa = PBXFileReference; lastKnownFileType = wrapper.framework; name = UIKit.framework; path = Platforms/iPhoneOS.platform/Developer/SDKs/iPhoneOS12.0.sdk/System/Library/Frameworks/UIKit.framework; sourceTree = DEVELOPER_DIR; };
		B21F76C821420E9400DF2297 /* MetalKit.framework */ = {isa = PBXFileReference; lastKnownFileType = wrapper.framework; name = MetalKit.framework; path = Platforms/iPhoneOS.platform/Developer/SDKs/iPhoneOS12.0.sdk/System/Library/Frameworks/MetalKit.framework; sourceTree = DEVELOPER_DIR; };
		B21F76C921420E9400DF2297 /* Metal.framework */ = {isa = PBXFileReference; lastKnownFileType = wrapper.framework; name = Metal.framework; path = Platforms/iPhoneOS.platform/Developer/SDKs/iPhoneOS12.0.sdk/System/Library/Frameworks/Metal.framework; sourceTree = DEVELOPER_DIR; };
		B2CDF4DB20B760DE000DC071 /* Panini.cpp */ = {isa = PBXFileReference; explicitFileType = sourcecode.cpp.objcpp; fileEncoding = 4; name = Panini.cpp; path = ../../../../Middleware_3/PaniniProjection/Panini.cpp; sourceTree = "<group>"; };
		B2CDF4DC20B760DE000DC071 /* Panini.h */ = {isa = PBXFileReference; fileEncoding = 4; lastKnownFileType = sourcecode.c.h; name = Panini.h; path = ../../../../Middleware_3/PaniniProjection/Panini.h; sourceTree = "<group>"; };
		B2F2551F283453C500E0468E /* panini_projection.vert.fsl */ = {isa = PBXFileReference; fileEncoding = 4; lastKnownFileType = text; name = panini_projection.vert.fsl; path = ../../../../Middleware_3/PaniniProjection/Shaders/FSL/panini_projection.vert.fsl; sourceTree = "<group>"; };
		B2F25520283453C500E0468E /* resources.h */ = {isa = PBXFileReference; fileEncoding = 4; lastKnownFileType = sourcecode.c.h; name = resources.h; path = ../../../../Middleware_3/PaniniProjection/Shaders/FSL/resources.h; sourceTree = "<group>"; };
		B2F25521283453C500E0468E /* panini_projection.frag.fsl */ = {isa = PBXFileReference; fileEncoding = 4; lastKnownFileType = text; name = panini_projection.frag.fsl; path = ../../../../Middleware_3/PaniniProjection/Shaders/FSL/panini_projection.frag.fsl; sourceTree = "<group>"; };
		B2F25522283453C500E0468E /* Panini_ShaderList.fsl */ = {isa = PBXFileReference; fileEncoding = 4; lastKnownFileType = text; name = Panini_ShaderList.fsl; path = ../../../../Middleware_3/PaniniProjection/Shaders/FSL/Panini_ShaderList.fsl; sourceTree = "<group>"; };
		D28782EF1F0A7F52004DC624 /* Assets.xcassets */ = {isa = PBXFileReference; lastKnownFileType = folder.assetcatalog; name = Assets.xcassets; path = 04_ExecuteIndirect/Assets.xcassets; sourceTree = SOURCE_ROOT; };
		D28782F11F0A7F98004DC624 /* 04_ExecuteIndirect.cpp */ = {isa = PBXFileReference; explicitFileType = sourcecode.cpp.objcpp; fileEncoding = 4; name = 04_ExecuteIndirect.cpp; path = ../../src/04_ExecuteIndirect/04_ExecuteIndirect.cpp; sourceTree = SOURCE_ROOT; };
		D2A520561F4ED89800C9B029 /* AsteroidSim.cpp */ = {isa = PBXFileReference; fileEncoding = 4; lastKnownFileType = sourcecode.cpp.cpp; name = AsteroidSim.cpp; path = ../../../src/04_ExecuteIndirect/AsteroidSim.cpp; sourceTree = "<group>"; };
		D2A520571F4ED89800C9B029 /* AsteroidSim.h */ = {isa = PBXFileReference; fileEncoding = 4; lastKnownFileType = sourcecode.c.h; name = AsteroidSim.h; path = ../../../src/04_ExecuteIndirect/AsteroidSim.h; sourceTree = "<group>"; };
		D2A520581F4ED89800C9B029 /* Random.h */ = {isa = PBXFileReference; fileEncoding = 4; lastKnownFileType = sourcecode.c.h; name = Random.h; path = ../../../src/04_ExecuteIndirect/Random.h; sourceTree = "<group>"; };
		D2A520591F4ED89800C9B029 /* simplexnoise1234.h */ = {isa = PBXFileReference; fileEncoding = 4; lastKnownFileType = sourcecode.c.h; name = simplexnoise1234.h; path = ../../../src/04_ExecuteIndirect/simplexnoise1234.h; sourceTree = "<group>"; };
		D2A5205A1F4ED89800C9B029 /* simplexnoise1234.cpp */ = {isa = PBXFileReference; fileEncoding = 4; lastKnownFileType = sourcecode.cpp.cpp; name = simplexnoise1234.cpp; path = ../../../src/04_ExecuteIndirect/simplexnoise1234.cpp; sourceTree = "<group>"; };
		D2A5205B1F4ED89800C9B029 /* NoiseOctaves.h */ = {isa = PBXFileReference; fileEncoding = 4; lastKnownFileType = sourcecode.c.h; name = NoiseOctaves.h; path = ../../../src/04_ExecuteIndirect/NoiseOctaves.h; sourceTree = "<group>"; };
		D2A5205C1F4ED89800C9B029 /* TextureGen.cpp */ = {isa = PBXFileReference; explicitFileType = sourcecode.cpp.objcpp; fileEncoding = 4; name = TextureGen.cpp; path = ../../../src/04_ExecuteIndirect/TextureGen.cpp; sourceTree = "<group>"; };
		D2A5205D1F4ED89900C9B029 /* TextureGen.h */ = {isa = PBXFileReference; fileEncoding = 4; lastKnownFileType = sourcecode.c.h; name = TextureGen.h; path = ../../../src/04_ExecuteIndirect/TextureGen.h; sourceTree = "<group>"; };
		D2E631E01F3472DF005BFBA7 /* Base */ = {isa = PBXFileReference; lastKnownFileType = file.xib; name = Base; path = Base.lproj/MainMenu.xib; sourceTree = "<group>"; };
		E967DF8F233C50310032E4BA /* libbz2.tbd */ = {isa = PBXFileReference; lastKnownFileType = "sourcecode.text-based-dylib-definition"; name = libbz2.tbd; path = usr/lib/libbz2.tbd; sourceTree = SDKROOT; };
		E967DF91233C50450032E4BA /* libbz2.tbd */ = {isa = PBXFileReference; lastKnownFileType = "sourcecode.text-based-dylib-definition"; name = libbz2.tbd; path = Platforms/iPhoneOS.platform/Developer/SDKs/iPhoneOS13.0.sdk/usr/lib/libbz2.tbd; sourceTree = DEVELOPER_DIR; };
		EA463C8B1EF81E8F005AC8C7 /* 04_ExecuteIndirect.app */ = {isa = PBXFileReference; explicitFileType = wrapper.application; includeInIndex = 0; path = 04_ExecuteIndirect.app; sourceTree = BUILT_PRODUCTS_DIR; };
		EADF9D661EFD160E00B2008B /* Info.plist */ = {isa = PBXFileReference; fileEncoding = 4; lastKnownFileType = text.plist.xml; name = Info.plist; path = 04_ExecuteIndirect/Info.plist; sourceTree = SOURCE_ROOT; };
/* End PBXFileReference section */

/* Begin PBXFrameworksBuildPhase section */
		28A5AC76201F682F000E571F /* Frameworks */ = {
			isa = PBXFrameworksBuildPhase;
			buildActionMask = 2147483647;
			files = (
				99E0AC7128594DCD00AB602D /* CoreHaptics.framework in Frameworks */,
				650CCC4D2223C4CB003533D9 /* MetalPerformanceShaders.framework in Frameworks */,
				B21F76CA21420E9400DF2297 /* UIKit.framework in Frameworks */,
				B21F76CB21420E9400DF2297 /* MetalKit.framework in Frameworks */,
				B21F76CC21420E9400DF2297 /* Metal.framework in Frameworks */,
				5CABF3722141542C00EFD76A /* GameController.framework in Frameworks */,
				5C17302821414DF70074EE71 /* libThe-Forge_iOS.a in Frameworks */,
			);
			runOnlyForDeploymentPostprocessing = 0;
		};
		EA463C881EF81E8F005AC8C7 /* Frameworks */ = {
			isa = PBXFrameworksBuildPhase;
			buildActionMask = 2147483647;
			files = (
				650CCC4B2223C4C1003533D9 /* MetalPerformanceShaders.framework in Frameworks */,
				B2087DDF21421A30006F372D /* MetalKit.framework in Frameworks */,
				B2087DE021421A30006F372D /* Metal.framework in Frameworks */,
				5C172F6F214149560074EE71 /* libThe-Forge.a in Frameworks */,
			);
			runOnlyForDeploymentPostprocessing = 0;
		};
/* End PBXFrameworksBuildPhase section */

/* Begin PBXGroup section */
		28A5AC7A201F682F000E571F /* 04_ExecuteIndirect_iOS */ = {
			isa = PBXGroup;
			children = (
				5C17302221414DEE0074EE71 /* AppDelegate.h */,
				5C17302621414DEE0074EE71 /* AppDelegate.m */,
				B210A88B20EC696F00AE0CE0 /* LaunchScreen.storyboard */,
				28A5AC8A201F682F000E571F /* Assets.xcassets */,
				28A5AC8F201F682F000E571F /* Info.plist */,
			);
			name = 04_ExecuteIndirect_iOS;
			sourceTree = SOURCE_ROOT;
		};
		28A5AC96201F6852000E571F /* Shaders */ = {
			isa = PBXGroup;
			children = (
				09D4FEEB2821C360000E3229 /* ShaderList.fsl */,
				9732829725C4295A0076E8FF /* shaderDefs.h.fsl */,
				97C9090D25BF404F003C978D /* basic.frag.fsl */,
				97C9090A25BF404F003C978D /* basic.vert.fsl */,
				97C9090B25BF404F003C978D /* ComputeUpdate.comp.fsl */,
				97C9090E25BF404F003C978D /* ExecuteIndirect.frag.fsl */,
				97C9090925BF404F003C978D /* ExecuteIndirect.vert.fsl */,
				97C9091025BF404F003C978D /* skybox.frag.fsl */,
				97C9090C25BF404F003C978D /* skybox.vert.fsl */,
			);
			name = Shaders;
			sourceTree = SOURCE_ROOT;
		};
		28A5ACAE201F68C4000E571F /* Frameworks */ = {
			isa = PBXGroup;
			children = (
				99E0AC7028594DCD00AB602D /* CoreHaptics.framework */,
				E967DF8F233C50310032E4BA /* libbz2.tbd */,
				E967DF91233C50450032E4BA /* libbz2.tbd */,
				650CCC4A2223C4C1003533D9 /* MetalPerformanceShaders.framework */,
				650CCC4C2223C4CB003533D9 /* MetalPerformanceShaders.framework */,
				B21F76C921420E9400DF2297 /* Metal.framework */,
				B2087DDE21421A30006F372D /* Metal.framework */,
				B21F76C821420E9400DF2297 /* MetalKit.framework */,
				B2087DDD21421A30006F372D /* MetalKit.framework */,
				B21F76C721420E9400DF2297 /* UIKit.framework */,
				5CABF3712141542C00EFD76A /* GameController.framework */,
			);
			name = Frameworks;
			sourceTree = "<group>";
		};
		5C172F65214149300074EE71 /* Products */ = {
			isa = PBXGroup;
			children = (
				5C172F69214149300074EE71 /* libThe-Forge.a */,
				5C17302521414DEE0074EE71 /* libThe-Forge_iOS.a */,
			);
			name = Products;
			sourceTree = "<group>";
		};
		B2CDF4D820B760C3000DC071 /* Panini */ = {
			isa = PBXGroup;
			children = (
				B2CDF4DB20B760DE000DC071 /* Panini.cpp */,
				B2CDF4DC20B760DE000DC071 /* Panini.h */,
				B2CDF4DA20B760CE000DC071 /* Shaders */,
			);
			name = Panini;
			sourceTree = "<group>";
		};
		B2CDF4DA20B760CE000DC071 /* Shaders */ = {
			isa = PBXGroup;
			children = (
				B2F25521283453C500E0468E /* panini_projection.frag.fsl */,
				B2F2551F283453C500E0468E /* panini_projection.vert.fsl */,
				B2F25522283453C500E0468E /* Panini_ShaderList.fsl */,
				B2F25520283453C500E0468E /* resources.h */,
			);
			name = Shaders;
			sourceTree = "<group>";
		};
		EA463C821EF81E8F005AC8C7 = {
			isa = PBXGroup;
			children = (
				5C172F64214149300074EE71 /* The-Forge.xcodeproj */,
				28A5AC96201F6852000E571F /* Shaders */,
				28A5AC7A201F682F000E571F /* 04_ExecuteIndirect_iOS */,
				B2CDF4D820B760C3000DC071 /* Panini */,
				EA463C941EF81E8F005AC8C7 /* 04_ExecuteIndirect */,
				EA463C8C1EF81E8F005AC8C7 /* Products */,
				28A5ACAE201F68C4000E571F /* Frameworks */,
			);
			sourceTree = "<group>";
		};
		EA463C8C1EF81E8F005AC8C7 /* Products */ = {
			isa = PBXGroup;
			children = (
				EA463C8B1EF81E8F005AC8C7 /* 04_ExecuteIndirect.app */,
				28A5AC79201F682F000E571F /* 04_ExecuteIndirect_iOS.app */,
			);
			name = Products;
			sourceTree = "<group>";
		};
		EA463C941EF81E8F005AC8C7 /* 04_ExecuteIndirect */ = {
			isa = PBXGroup;
			children = (
				5C172F6B214149430074EE71 /* AppDelegate.h */,
				5C172F6A214149430074EE71 /* AppDelegate.m */,
				D2A520561F4ED89800C9B029 /* AsteroidSim.cpp */,
				D2A520571F4ED89800C9B029 /* AsteroidSim.h */,
				D2A5205B1F4ED89800C9B029 /* NoiseOctaves.h */,
				D2A520581F4ED89800C9B029 /* Random.h */,
				D2A5205A1F4ED89800C9B029 /* simplexnoise1234.cpp */,
				D2A520591F4ED89800C9B029 /* simplexnoise1234.h */,
				D2A5205C1F4ED89800C9B029 /* TextureGen.cpp */,
				D2A5205D1F4ED89900C9B029 /* TextureGen.h */,
				D2E631DF1F3472DF005BFBA7 /* MainMenu.xib */,
				D28782F11F0A7F98004DC624 /* 04_ExecuteIndirect.cpp */,
				D28782EF1F0A7F52004DC624 /* Assets.xcassets */,
				EADF9D661EFD160E00B2008B /* Info.plist */,
			);
			path = 04_ExecuteIndirect;
			sourceTree = SOURCE_ROOT;
		};
/* End PBXGroup section */

/* Begin PBXNativeTarget section */
		28A5AC78201F682F000E571F /* 04_ExecuteIndirect_iOS */ = {
			isa = PBXNativeTarget;
			buildConfigurationList = 28A5AC94201F682F000E571F /* Build configuration list for PBXNativeTarget "04_ExecuteIndirect_iOS" */;
			buildPhases = (
				28A5AC75201F682F000E571F /* Sources */,
				28A5AC76201F682F000E571F /* Frameworks */,
				28A5AC77201F682F000E571F /* Resources */,
				5CC501C424D219B2003B62CC /* ShellScript */,
				09934178284E8B9000215997 /* ShellScript */,
			);
			buildRules = (
			);
			dependencies = (
				5C17302A21414DFD0074EE71 /* PBXTargetDependency */,
			);
			name = 04_ExecuteIndirect_iOS;
			productName = 04_ExecuteIndirect_iOS;
			productReference = 28A5AC79201F682F000E571F /* 04_ExecuteIndirect_iOS.app */;
			productType = "com.apple.product-type.application";
		};
		EA463C8A1EF81E8F005AC8C7 /* 04_ExecuteIndirect */ = {
			isa = PBXNativeTarget;
			buildConfigurationList = EA463CAC1EF81E8F005AC8C7 /* Build configuration list for PBXNativeTarget "04_ExecuteIndirect" */;
			buildPhases = (
				EA463C871EF81E8F005AC8C7 /* Sources */,
				EA463C881EF81E8F005AC8C7 /* Frameworks */,
				EA463C891EF81E8F005AC8C7 /* Resources */,
				5C13A4D724D1A59A0023D339 /* ShellScript */,
				09934177284E8B8200215997 /* ShellScript */,
			);
			buildRules = (
			);
			dependencies = (
				E95891F1234159F000B68D6A /* PBXTargetDependency */,
			);
			name = 04_ExecuteIndirect;
			productName = 02_Texture;
			productReference = EA463C8B1EF81E8F005AC8C7 /* 04_ExecuteIndirect.app */;
			productType = "com.apple.product-type.application";
		};
/* End PBXNativeTarget section */

/* Begin PBXProject section */
		EA463C831EF81E8F005AC8C7 /* Project object */ = {
			isa = PBXProject;
			attributes = {
				LastUpgradeCheck = 1130;
				ORGANIZATIONNAME = "Confetti-FX";
				TargetAttributes = {
					28A5AC78201F682F000E571F = {
						CreatedOnToolsVersion = 9.2;
						ProvisioningStyle = Automatic;
					};
					EA463C8A1EF81E8F005AC8C7 = {
						CreatedOnToolsVersion = 8.3.3;
						ProvisioningStyle = Automatic;
					};
				};
			};
			buildConfigurationList = EA463C861EF81E8F005AC8C7 /* Build configuration list for PBXProject "04_ExecuteIndirect" */;
			compatibilityVersion = "Xcode 9.3";
			developmentRegion = en;
			hasScannedForEncodings = 0;
			knownRegions = (
				en,
				Base,
			);
			mainGroup = EA463C821EF81E8F005AC8C7;
			productRefGroup = EA463C8C1EF81E8F005AC8C7 /* Products */;
			projectDirPath = "";
			projectReferences = (
				{
					ProductGroup = 5C172F65214149300074EE71 /* Products */;
					ProjectRef = 5C172F64214149300074EE71 /* The-Forge.xcodeproj */;
				},
			);
			projectRoot = "";
			targets = (
				EA463C8A1EF81E8F005AC8C7 /* 04_ExecuteIndirect */,
				28A5AC78201F682F000E571F /* 04_ExecuteIndirect_iOS */,
			);
		};
/* End PBXProject section */

/* Begin PBXReferenceProxy section */
		5C172F69214149300074EE71 /* libThe-Forge.a */ = {
			isa = PBXReferenceProxy;
			fileType = archive.ar;
			path = "libThe-Forge.a";
			remoteRef = 5C172F68214149300074EE71 /* PBXContainerItemProxy */;
			sourceTree = BUILT_PRODUCTS_DIR;
		};
		5C17302521414DEE0074EE71 /* libThe-Forge_iOS.a */ = {
			isa = PBXReferenceProxy;
			fileType = archive.ar;
			path = "libThe-Forge_iOS.a";
			remoteRef = 5C17302421414DEE0074EE71 /* PBXContainerItemProxy */;
			sourceTree = BUILT_PRODUCTS_DIR;
		};
/* End PBXReferenceProxy section */

/* Begin PBXResourcesBuildPhase section */
		28A5AC77201F682F000E571F /* Resources */ = {
			isa = PBXResourcesBuildPhase;
			buildActionMask = 2147483647;
			files = (
				B210A88D20EC696F00AE0CE0 /* LaunchScreen.storyboard in Resources */,
				28A5AC8B201F682F000E571F /* Assets.xcassets in Resources */,
			);
			runOnlyForDeploymentPostprocessing = 0;
		};
		EA463C891EF81E8F005AC8C7 /* Resources */ = {
			isa = PBXResourcesBuildPhase;
			buildActionMask = 2147483647;
			files = (
				D28782F01F0A7F52004DC624 /* Assets.xcassets in Resources */,
				D2E631E11F3472DF005BFBA7 /* MainMenu.xib in Resources */,
			);
			runOnlyForDeploymentPostprocessing = 0;
		};
/* End PBXResourcesBuildPhase section */

/* Begin PBXShellScriptBuildPhase section */
		09934177284E8B8200215997 /* ShellScript */ = {
			isa = PBXShellScriptBuildPhase;
			alwaysOutOfDate = 1;
			buildActionMask = 2147483647;
			files = (
			);
			inputFileListPaths = (
			);
			inputPaths = (
			);
			outputFileListPaths = (
			);
			outputPaths = (
			);
			runOnlyForDeploymentPostprocessing = 0;
			shellPath = /bin/sh;
			shellScript = "python3 ../../../../Common_3/Tools/ForgeShadingLanguage/fsl.py --verbose \"$SRCROOT/../../src/$PROJECT_NAME/Shaders/FSL/ShaderList.fsl\" -d \"${CONFIGURATION_BUILD_DIR}/${CONTENTS_FOLDER_PATH}/Resources/Shaders/\" -b \"${CONFIGURATION_BUILD_DIR}/${CONTENTS_FOLDER_PATH}/Resources/CompiledShaders\" -l MACOS --incremental --compile\n";
			showEnvVarsInLog = 0;
		};
		09934178284E8B9000215997 /* ShellScript */ = {
			isa = PBXShellScriptBuildPhase;
			alwaysOutOfDate = 1;
			buildActionMask = 2147483647;
			files = (
			);
			inputFileListPaths = (
			);
			inputPaths = (
			);
			outputFileListPaths = (
			);
			outputPaths = (
			);
			runOnlyForDeploymentPostprocessing = 0;
			shellPath = /bin/sh;
			shellScript = "python3 ../../../../Common_3/Tools/ForgeShadingLanguage/fsl.py --verbose \"$SRCROOT/../../src/$PROJECT_NAME/Shaders/FSL/ShaderList.fsl\" -d \"${CONFIGURATION_BUILD_DIR}/${CONTENTS_FOLDER_PATH}/Shaders/\" -b \"${CONFIGURATION_BUILD_DIR}/${CONTENTS_FOLDER_PATH}/CompiledShaders\" -l IOS --incremental --compile\n";
			showEnvVarsInLog = 0;
		};
		5C13A4D724D1A59A0023D339 /* ShellScript */ = {
			isa = PBXShellScriptBuildPhase;
			buildActionMask = 2147483647;
			files = (
			);
			inputFileListPaths = (
			);
			inputPaths = (
			);
			outputFileListPaths = (
			);
			outputPaths = (
			);
			runOnlyForDeploymentPostprocessing = 0;
			shellPath = /bin/sh;
			shellScript = "DST=\"$CONFIGURATION_BUILD_DIR/$CONTENTS_FOLDER_PATH/Resources\"\nASSETS=\"$SRCROOT/../../UnitTestResources\"\nSRC=\"$SRCROOT/../../src/$PROJECT_NAME\"\nMID=\"$SRCROOT/../../../../Middleware_3\"\n# Src\n# rsync -u -r \"$SRC/Shaders/Metal/\" \"$DST/Shaders\"\n# rsync -u -r \"$MID/Text/Shaders/Metal/\" \"$DST/Shaders\"\n# rsync -u -r \"$MID/UI/Shaders/Metal/\" \"$DST/Shaders\"\n# rsync -u -r \"$MID/PaniniProjection/Shaders/Metal/\" \"$DST/Shaders\"\nrsync -u -r \"$SRCROOT/../The-Forge/Shaders/\" \"$DST/Shaders\"\nrsync -u -r \"$SRCROOT/../The-Forge/CompiledShaders/\" \"$DST/CompiledShaders\"\nrsync -u -r \"$SRC/Scripts/\" \"$DST/Scripts\"\n# GPUConfig\nrsync -u -r \"$ASSETS/GPUCfg/\" \"$DST/GPUCfg\"\n# Textures\nrsync -u -rv --include '*/' --include 'Skybox_*.dds' --exclude '*' --prune-empty-dirs \"$ASSETS/Textures/\" \"$DST/Textures\"\n# Fonts\nrsync -u -r \"$ASSETS/Fonts/\" \"$DST/Fonts\"\n";
		};
		5CC501C424D219B2003B62CC /* ShellScript */ = {
			isa = PBXShellScriptBuildPhase;
			buildActionMask = 2147483647;
			files = (
			);
			inputFileListPaths = (
			);
			inputPaths = (
			);
			outputFileListPaths = (
			);
			outputPaths = (
			);
			runOnlyForDeploymentPostprocessing = 0;
			shellPath = /bin/sh;
			shellScript = "DST=\"$CONFIGURATION_BUILD_DIR/$CONTENTS_FOLDER_PATH\"\nASSETS=\"$SRCROOT/../../UnitTestResources\"\nSRC=\"$SRCROOT/../../src/$PROJECT_NAME\"\nMID=\"$SRCROOT/../../../../Middleware_3\"\n# Src\n# rsync -u -r \"$SRC/Shaders/Metal/\" \"$DST/Shaders\"\n# rsync -u -r \"$MID/Text/Shaders/Metal/\" \"$DST/Shaders\"\n# rsync -u -r \"$MID/UI/Shaders/Metal/\" \"$DST/Shaders\"\n# rsync -u -r \"$MID/PaniniProjection/Shaders/Metal/\" \"$DST/Shaders\"\nrsync -u -r \"$SRCROOT/../The-Forge/Shaders/\" \"$DST/Shaders\"\nrsync -u -r \"$SRCROOT/../The-Forge/CompiledShaders/\" \"$DST/CompiledShaders\"\nrsync -u -r \"$SRC/Scripts/\" \"$DST/Scripts\"\n# GPUConfig\nrsync -u -r \"$ASSETS/GPUCfg/\" \"$DST/GPUCfg\"\n# Textures\nrsync -u -rv --include '*/' --include 'Skybox_*.ktx' --exclude '*' --prune-empty-dirs \"$ASSETS/Textures/\" \"$DST/Textures\"\nrsync -u \"$ASSETS/Textures/circlepad.ktx\" \"$DST/Textures/\"\n# Fonts\nrsync -u -r \"$ASSETS/Fonts/\" \"$DST/Fonts\"\n";
		};
/* End PBXShellScriptBuildPhase section */

/* Begin PBXSourcesBuildPhase section */
		28A5AC75201F682F000E571F /* Sources */ = {
			isa = PBXSourcesBuildPhase;
			buildActionMask = 2147483647;
			files = (
				B2CDF4DE20B760DE000DC071 /* Panini.cpp in Sources */,
				28A5ACE8201F69FF000E571F /* TextureGen.cpp in Sources */,
				5C17302721414DEE0074EE71 /* AppDelegate.m in Sources */,
				28A5ACE7201F69FF000E571F /* simplexnoise1234.cpp in Sources */,
				28A5ACE6201F69FF000E571F /* AsteroidSim.cpp in Sources */,
				28A5ACE9201F6B65000E571F /* 04_ExecuteIndirect.cpp in Sources */,
			);
			runOnlyForDeploymentPostprocessing = 0;
		};
		EA463C871EF81E8F005AC8C7 /* Sources */ = {
			isa = PBXSourcesBuildPhase;
			buildActionMask = 2147483647;
			files = (
				D2A520601F4ED89900C9B029 /* TextureGen.cpp in Sources */,
				D28782F21F0A7F98004DC624 /* 04_ExecuteIndirect.cpp in Sources */,
				5C172F6C214149430074EE71 /* AppDelegate.m in Sources */,
				B2CDF4DD20B760DE000DC071 /* Panini.cpp in Sources */,
				D2A5205F1F4ED89900C9B029 /* simplexnoise1234.cpp in Sources */,
				D2A5205E1F4ED89900C9B029 /* AsteroidSim.cpp in Sources */,
			);
			runOnlyForDeploymentPostprocessing = 0;
		};
/* End PBXSourcesBuildPhase section */

/* Begin PBXTargetDependency section */
		5C17302A21414DFD0074EE71 /* PBXTargetDependency */ = {
			isa = PBXTargetDependency;
			name = "The-Forge_iOS";
			targetProxy = 5C17302921414DFD0074EE71 /* PBXContainerItemProxy */;
		};
		E95891F1234159F000B68D6A /* PBXTargetDependency */ = {
			isa = PBXTargetDependency;
			name = "The-Forge";
			targetProxy = E95891F0234159F000B68D6A /* PBXContainerItemProxy */;
		};
/* End PBXTargetDependency section */

/* Begin PBXVariantGroup section */
		B210A88B20EC696F00AE0CE0 /* LaunchScreen.storyboard */ = {
			isa = PBXVariantGroup;
			children = (
				B210A88C20EC696F00AE0CE0 /* Base */,
			);
			name = LaunchScreen.storyboard;
			sourceTree = SOURCE_ROOT;
		};
		D2E631DF1F3472DF005BFBA7 /* MainMenu.xib */ = {
			isa = PBXVariantGroup;
			children = (
				D2E631E01F3472DF005BFBA7 /* Base */,
			);
			name = MainMenu.xib;
			sourceTree = "<group>";
		};
/* End PBXVariantGroup section */

/* Begin XCBuildConfiguration section */
		28A5AC92201F682F000E571F /* Debug */ = {
			isa = XCBuildConfiguration;
			buildSettings = {
				ARCHS = "$(ARCHS_STANDARD_64_BIT)";
				ASSETCATALOG_COMPILER_APPICON_NAME = AppIcon;
				CLANG_CXX_LANGUAGE_STANDARD = "gnu++14";
				CLANG_WARN_COMMA = NO;
				CLANG_WARN_UNGUARDED_AVAILABILITY = YES_AGGRESSIVE;
				CODE_SIGN_IDENTITY = "iPhone Developer";
				CODE_SIGN_STYLE = Automatic;
				COMPRESS_PNG_FILES = NO;
				CONFIGURATION_BUILD_DIR = "$(PROJECT_DIR)/Bin/$(CONFIGURATION)/";
				DEVELOPMENT_TEAM = BT67ZY58A8;
				GCC_C_LANGUAGE_STANDARD = gnu11;
				GCC_PREPROCESSOR_DEFINITIONS = "";
				HEADER_SEARCH_PATHS = (
					../../Common_3,
					../../,
					../,
				);
				INFOPLIST_FILE = 04_ExecuteIndirect_iOS/Info.plist;
				IPHONEOS_DEPLOYMENT_TARGET = 9.0;
				LD_RUNPATH_SEARCH_PATHS = (
					"$(inherited)",
					"@executable_path/Frameworks",
				);
				MACOSX_DEPLOYMENT_TARGET = 10.11;
				PRODUCT_BUNDLE_IDENTIFIER = "Confetti.-4-ExecuteIndirect-iOS";
				PRODUCT_NAME = "$(TARGET_NAME)";
				SDKROOT = iphoneos;
				STRIP_PNG_TEXT = NO;
				TARGETED_DEVICE_FAMILY = "1,2";
				"WARNING_CFLAGS[arch=*]" = "-Wall";
			};
			name = Debug;
		};
		28A5AC93201F682F000E571F /* Release */ = {
			isa = XCBuildConfiguration;
			buildSettings = {
				ARCHS = "$(ARCHS_STANDARD_64_BIT)";
				ASSETCATALOG_COMPILER_APPICON_NAME = AppIcon;
				CLANG_CXX_LANGUAGE_STANDARD = "gnu++14";
				CLANG_WARN_COMMA = NO;
				CLANG_WARN_UNGUARDED_AVAILABILITY = YES_AGGRESSIVE;
				CODE_SIGN_IDENTITY = "iPhone Developer";
				CODE_SIGN_STYLE = Automatic;
				COMPRESS_PNG_FILES = NO;
				CONFIGURATION_BUILD_DIR = "$(PROJECT_DIR)/Bin/$(CONFIGURATION)/";
				DEVELOPMENT_TEAM = BT67ZY58A8;
				GCC_C_LANGUAGE_STANDARD = gnu11;
				GCC_PREPROCESSOR_DEFINITIONS = "";
				HEADER_SEARCH_PATHS = (
					../../Common_3,
					../../,
					../,
				);
				INFOPLIST_FILE = 04_ExecuteIndirect_iOS/Info.plist;
				IPHONEOS_DEPLOYMENT_TARGET = 9.0;
				LD_RUNPATH_SEARCH_PATHS = (
					"$(inherited)",
					"@executable_path/Frameworks",
				);
				MACOSX_DEPLOYMENT_TARGET = 10.11;
				PRODUCT_BUNDLE_IDENTIFIER = "Confetti.-4-ExecuteIndirect-iOS";
				PRODUCT_NAME = "$(TARGET_NAME)";
				SDKROOT = iphoneos;
				STRIP_PNG_TEXT = NO;
				TARGETED_DEVICE_FAMILY = "1,2";
				VALIDATE_PRODUCT = YES;
				"WARNING_CFLAGS[arch=*]" = "-Wall";
			};
			name = Release;
		};
		EA463CAA1EF81E8F005AC8C7 /* Debug */ = {
			isa = XCBuildConfiguration;
			buildSettings = {
				ALWAYS_SEARCH_USER_PATHS = NO;
				CLANG_ANALYZER_LOCALIZABILITY_NONLOCALIZED = YES;
				CLANG_ANALYZER_NONNULL = YES;
				CLANG_ANALYZER_NUMBER_OBJECT_CONVERSION = YES_AGGRESSIVE;
				CLANG_CXX_LANGUAGE_STANDARD = "gnu++14";
				CLANG_CXX_LIBRARY = "libc++";
				CLANG_ENABLE_MODULES = YES;
				CLANG_ENABLE_OBJC_ARC = YES;
				CLANG_WARN_BLOCK_CAPTURE_AUTORELEASING = YES;
				CLANG_WARN_BOOL_CONVERSION = YES;
				CLANG_WARN_COMMA = NO;
				CLANG_WARN_CONSTANT_CONVERSION = YES;
				CLANG_WARN_DEPRECATED_OBJC_IMPLEMENTATIONS = YES;
				CLANG_WARN_DIRECT_OBJC_ISA_USAGE = YES_ERROR;
				CLANG_WARN_DOCUMENTATION_COMMENTS = NO;
				CLANG_WARN_EMPTY_BODY = YES;
				CLANG_WARN_ENUM_CONVERSION = YES;
				CLANG_WARN_INFINITE_RECURSION = YES;
				CLANG_WARN_INT_CONVERSION = YES;
				CLANG_WARN_NON_LITERAL_NULL_CONVERSION = YES;
				CLANG_WARN_OBJC_IMPLICIT_RETAIN_SELF = YES;
				CLANG_WARN_OBJC_LITERAL_CONVERSION = YES;
				CLANG_WARN_OBJC_ROOT_CLASS = YES_ERROR;
				CLANG_WARN_RANGE_LOOP_ANALYSIS = YES;
				CLANG_WARN_STRICT_PROTOTYPES = YES;
				CLANG_WARN_SUSPICIOUS_MOVE = YES;
				CLANG_WARN_UNREACHABLE_CODE = YES;
				CLANG_WARN__DUPLICATE_METHOD_MATCH = YES;
				CODE_SIGN_IDENTITY = "-";
				COPY_PHASE_STRIP = NO;
				DEBUG_INFORMATION_FORMAT = dwarf;
				ENABLE_STRICT_OBJC_MSGSEND = YES;
				ENABLE_TESTABILITY = YES;
				GCC_C_LANGUAGE_STANDARD = gnu99;
				GCC_DYNAMIC_NO_PIC = NO;
				GCC_NO_COMMON_BLOCKS = YES;
				GCC_OPTIMIZATION_LEVEL = 0;
				GCC_PREPROCESSOR_DEFINITIONS = (
					"DEBUG=1",
					"$(inherited)",
				);
				GCC_TREAT_WARNINGS_AS_ERRORS = YES;
				GCC_WARN_64_TO_32_BIT_CONVERSION = YES;
				GCC_WARN_ABOUT_RETURN_TYPE = YES_ERROR;
				GCC_WARN_UNDECLARED_SELECTOR = YES;
				GCC_WARN_UNINITIALIZED_AUTOS = YES_AGGRESSIVE;
				GCC_WARN_UNUSED_FUNCTION = NO;
				GCC_WARN_UNUSED_VARIABLE = YES;
				IPHONEOS_DEPLOYMENT_TARGET = 9.0;
				MACOSX_DEPLOYMENT_TARGET = 10.11;
				MTL_ENABLE_DEBUG_INFO = YES;
				ONLY_ACTIVE_ARCH = YES;
				SDKROOT = macosx;
			};
			name = Debug;
		};
		EA463CAB1EF81E8F005AC8C7 /* Release */ = {
			isa = XCBuildConfiguration;
			buildSettings = {
				ALWAYS_SEARCH_USER_PATHS = NO;
				CLANG_ANALYZER_LOCALIZABILITY_NONLOCALIZED = YES;
				CLANG_ANALYZER_NONNULL = YES;
				CLANG_ANALYZER_NUMBER_OBJECT_CONVERSION = YES_AGGRESSIVE;
				CLANG_CXX_LANGUAGE_STANDARD = "gnu++14";
				CLANG_CXX_LIBRARY = "libc++";
				CLANG_ENABLE_MODULES = YES;
				CLANG_ENABLE_OBJC_ARC = YES;
				CLANG_WARN_BLOCK_CAPTURE_AUTORELEASING = YES;
				CLANG_WARN_BOOL_CONVERSION = YES;
				CLANG_WARN_COMMA = NO;
				CLANG_WARN_CONSTANT_CONVERSION = YES;
				CLANG_WARN_DEPRECATED_OBJC_IMPLEMENTATIONS = YES;
				CLANG_WARN_DIRECT_OBJC_ISA_USAGE = YES_ERROR;
				CLANG_WARN_DOCUMENTATION_COMMENTS = NO;
				CLANG_WARN_EMPTY_BODY = YES;
				CLANG_WARN_ENUM_CONVERSION = YES;
				CLANG_WARN_INFINITE_RECURSION = YES;
				CLANG_WARN_INT_CONVERSION = YES;
				CLANG_WARN_NON_LITERAL_NULL_CONVERSION = YES;
				CLANG_WARN_OBJC_IMPLICIT_RETAIN_SELF = YES;
				CLANG_WARN_OBJC_LITERAL_CONVERSION = YES;
				CLANG_WARN_OBJC_ROOT_CLASS = YES_ERROR;
				CLANG_WARN_RANGE_LOOP_ANALYSIS = YES;
				CLANG_WARN_STRICT_PROTOTYPES = YES;
				CLANG_WARN_SUSPICIOUS_MOVE = YES;
				CLANG_WARN_UNREACHABLE_CODE = YES;
				CLANG_WARN__DUPLICATE_METHOD_MATCH = YES;
				CODE_SIGN_IDENTITY = "-";
				COPY_PHASE_STRIP = NO;
				DEBUG_INFORMATION_FORMAT = "dwarf-with-dsym";
				ENABLE_NS_ASSERTIONS = NO;
				ENABLE_STRICT_OBJC_MSGSEND = YES;
				GCC_C_LANGUAGE_STANDARD = gnu99;
				GCC_NO_COMMON_BLOCKS = YES;
				GCC_TREAT_WARNINGS_AS_ERRORS = YES;
				GCC_WARN_64_TO_32_BIT_CONVERSION = YES;
				GCC_WARN_ABOUT_RETURN_TYPE = YES_ERROR;
				GCC_WARN_UNDECLARED_SELECTOR = YES;
				GCC_WARN_UNINITIALIZED_AUTOS = YES_AGGRESSIVE;
				GCC_WARN_UNUSED_FUNCTION = NO;
				GCC_WARN_UNUSED_VARIABLE = YES;
				IPHONEOS_DEPLOYMENT_TARGET = 9.0;
				MACOSX_DEPLOYMENT_TARGET = 10.11;
				MTL_ENABLE_DEBUG_INFO = NO;
				SDKROOT = macosx;
			};
			name = Release;
		};
		EA463CAD1EF81E8F005AC8C7 /* Debug */ = {
			isa = XCBuildConfiguration;
			buildSettings = {
				ASSETCATALOG_COMPILER_APPICON_NAME = AppIcon;
				CLANG_CXX_LANGUAGE_STANDARD = "gnu++14";
				CODE_SIGN_IDENTITY = "-";
				COMBINE_HIDPI_IMAGES = YES;
				CONFIGURATION_BUILD_DIR = "$(PROJECT_DIR)/Bin/$(CONFIGURATION)/";
				DEVELOPMENT_TEAM = BT67ZY58A8;
				GCC_PREPROCESSOR_DEFINITIONS = "";
				GCC_TREAT_WARNINGS_AS_ERRORS = YES;
				HEADER_SEARCH_PATHS = (
					../../Common_3,
					../../,
					../,
				);
				INFOPLIST_FILE = "$(SRCROOT)/04_ExecuteIndirect/Info.plist";
				LD_RUNPATH_SEARCH_PATHS = (
					"$(inherited)",
					"@executable_path/../Frameworks",
				);
				MACOSX_DEPLOYMENT_TARGET = 10.11;
				ONLY_ACTIVE_ARCH = YES;
				PRODUCT_BUNDLE_IDENTIFIER = "com.confetti.Unit-Tests.04-ExecuteIndirect";
				PRODUCT_NAME = "$(TARGET_NAME)";
				SDKROOT = macosx;
				USER_HEADER_SEARCH_PATHS = (
					"$(PROJECT_DIR)/../../../../Common_3/ThirdParty/OpenSource/assimp/4.1.0/contrib/zlib/**",
					"$(PROJECT_DIR)/../../../../Common_3/ThirdParty/OpenSource/assimp/4.1.0/Apple/**",
					"$(PROJECT_DIR)/../../../../Common_3/ThirdParty/OpenSource/libzip-1.1.2/lib/**",
				);
				"WARNING_CFLAGS[arch=*]" = "-Wall";
			};
			name = Debug;
		};
		EA463CAE1EF81E8F005AC8C7 /* Release */ = {
			isa = XCBuildConfiguration;
			buildSettings = {
				ASSETCATALOG_COMPILER_APPICON_NAME = AppIcon;
				CLANG_CXX_LANGUAGE_STANDARD = "gnu++14";
				CODE_SIGN_IDENTITY = "-";
				COMBINE_HIDPI_IMAGES = YES;
				CONFIGURATION_BUILD_DIR = "$(PROJECT_DIR)/Bin/$(CONFIGURATION)/";
				DEVELOPMENT_TEAM = BT67ZY58A8;
				GCC_PREPROCESSOR_DEFINITIONS = "";
				GCC_TREAT_WARNINGS_AS_ERRORS = YES;
				HEADER_SEARCH_PATHS = (
					../../Common_3,
					../../,
					../,
				);
				INFOPLIST_FILE = "$(SRCROOT)/04_ExecuteIndirect/Info.plist";
				LD_RUNPATH_SEARCH_PATHS = (
					"$(inherited)",
					"@executable_path/../Frameworks",
				);
				MACOSX_DEPLOYMENT_TARGET = 10.11;
				PRODUCT_BUNDLE_IDENTIFIER = "com.confetti.Unit-Tests.04-ExecuteIndirect";
				PRODUCT_NAME = "$(TARGET_NAME)";
				SDKROOT = macosx;
				USER_HEADER_SEARCH_PATHS = (
					"$(PROJECT_DIR)/../../../../Common_3/ThirdParty/OpenSource/assimp/4.1.0/contrib/zlib/**",
					"$(PROJECT_DIR)/../../../../Common_3/ThirdParty/OpenSource/assimp/4.1.0/Apple/**",
					"$(PROJECT_DIR)/../../../../Common_3/ThirdParty/OpenSource/libzip-1.1.2/lib/**",
				);
				"WARNING_CFLAGS[arch=*]" = "-Wall";
			};
			name = Release;
		};
/* End XCBuildConfiguration section */

/* Begin XCConfigurationList section */
		28A5AC94201F682F000E571F /* Build configuration list for PBXNativeTarget "04_ExecuteIndirect_iOS" */ = {
			isa = XCConfigurationList;
			buildConfigurations = (
				28A5AC92201F682F000E571F /* Debug */,
				28A5AC93201F682F000E571F /* Release */,
			);
			defaultConfigurationIsVisible = 0;
			defaultConfigurationName = Debug;
		};
		EA463C861EF81E8F005AC8C7 /* Build configuration list for PBXProject "04_ExecuteIndirect" */ = {
			isa = XCConfigurationList;
			buildConfigurations = (
				EA463CAA1EF81E8F005AC8C7 /* Debug */,
				EA463CAB1EF81E8F005AC8C7 /* Release */,
			);
			defaultConfigurationIsVisible = 0;
			defaultConfigurationName = Debug;
		};
		EA463CAC1EF81E8F005AC8C7 /* Build configuration list for PBXNativeTarget "04_ExecuteIndirect" */ = {
			isa = XCConfigurationList;
			buildConfigurations = (
				EA463CAD1EF81E8F005AC8C7 /* Debug */,
				EA463CAE1EF81E8F005AC8C7 /* Release */,
			);
			defaultConfigurationIsVisible = 0;
			defaultConfigurationName = Debug;
		};
/* End XCConfigurationList section */
	};
	rootObject = EA463C831EF81E8F005AC8C7 /* Project object */;
}
