<?xml version="1.0" encoding="utf-8"?>
<Project ToolsVersion="4.0" xmlns="http://schemas.microsoft.com/developer/msbuild/2003">
  <ItemGroup>
    <Filter Include="Application">
      <UniqueIdentifier>{5348c43e-71cf-4dce-a1be-8083a1da56ad}</UniqueIdentifier>
    </Filter>
    <Filter Include="Application\Profiler">
      <UniqueIdentifier>{a4136fae-ec06-4b27-9513-3b0867ff08b9}</UniqueIdentifier>
    </Filter>
    <Filter Include="Application\ThirdParty\OpenSource\imgui">
      <UniqueIdentifier>{1fc9fc4d-290c-4ffe-b832-0dc5c83c6469}</UniqueIdentifier>
    </Filter>
    <Filter Include="Application\ThirdParty\OpenSource">
      <UniqueIdentifier>{3e847ab7-139a-4998-939c-d7f043e146be}</UniqueIdentifier>
    </Filter>
    <Filter Include="Application\ThirdParty">
      <UniqueIdentifier>{154f76f3-dcea-4e89-b1c4-c081a6f3faf5}</UniqueIdentifier>
    </Filter>
    <Filter Include="Application\UI">
      <UniqueIdentifier>{61cbaea1-3b05-46b5-93a2-2beca2fd318e}</UniqueIdentifier>
    </Filter>
    <Filter Include="Game\Scripting">
      <UniqueIdentifier>{7acd79af-94e5-4f53-bb71-7b6cc747b495}</UniqueIdentifier>
    </Filter>
    <Filter Include="Game">
      <UniqueIdentifier>{a5019e1b-97ec-4ccf-b355-f337a3ad836d}</UniqueIdentifier>
    </Filter>
    <Filter Include="Game\ThirdParty\OpenSource\lua-5.3.5\src">
      <UniqueIdentifier>{143eb5b9-9a0d-4136-9e32-a2e5771597e1}</UniqueIdentifier>
    </Filter>
    <Filter Include="Game\ThirdParty\OpenSource\lua-5.3.5">
      <UniqueIdentifier>{6e7151dc-ffc9-48a3-af76-c4c888f50bfd}</UniqueIdentifier>
    </Filter>
    <Filter Include="Game\ThirdParty\OpenSource">
      <UniqueIdentifier>{8ff9b7ab-83a0-400c-88ff-07ab7d74aae5}</UniqueIdentifier>
    </Filter>
    <Filter Include="Game\ThirdParty">
      <UniqueIdentifier>{56e9e2bc-e56f-4ec2-aa60-e00426e28ca5}</UniqueIdentifier>
    </Filter>
    <Filter Include="Application\Fonts">
      <UniqueIdentifier>{460b6402-a55f-46c7-8a96-38c2da514b4a}</UniqueIdentifier>
    </Filter>
    <Filter Include="OS">
      <UniqueIdentifier>{5a213d1b-4450-421c-86ae-c00e801e08f2}</UniqueIdentifier>
    </Filter>
    <Filter Include="OS\ThirdParty\OpenSource\cpu_features\src">
      <UniqueIdentifier>{55843efa-60ee-4de0-9d2e-1e9fff85397b}</UniqueIdentifier>
    </Filter>
    <Filter Include="OS\ThirdParty\OpenSource\cpu_features">
      <UniqueIdentifier>{ce6bb559-14f4-4eb5-a7c9-2907072f23fe}</UniqueIdentifier>
    </Filter>
    <Filter Include="OS\ThirdParty\OpenSource">
      <UniqueIdentifier>{89dc80c7-aa2c-4939-9fc0-60cf62322d73}</UniqueIdentifier>
    </Filter>
    <Filter Include="OS\ThirdParty">
      <UniqueIdentifier>{4407c587-b623-428e-8279-83ea934b097e}</UniqueIdentifier>
    </Filter>
    <Filter Include="OS\ThirdParty\OpenSource\hidapi\windows">
      <UniqueIdentifier>{794cfa87-2070-407f-a8a1-735eed2ce316}</UniqueIdentifier>
    </Filter>
    <Filter Include="OS\ThirdParty\OpenSource\hidapi">
      <UniqueIdentifier>{35468a94-a704-4d68-a488-096a0002cdcd}</UniqueIdentifier>
    </Filter>
    <Filter Include="OS\WindowSystem">
      <UniqueIdentifier>{5358b4b4-48e3-4f43-8085-c61e54524bd3}</UniqueIdentifier>
    </Filter>
    <Filter Include="OS\Windows">
      <UniqueIdentifier>{8da55e5e-48fa-405e-a145-46e97a8e5934}</UniqueIdentifier>
    </Filter>
    <Filter Include="Utilities\FileSystem">
      <UniqueIdentifier>{72e2b6e7-168e-4ef6-94e4-d795845fdcc5}</UniqueIdentifier>
    </Filter>
    <Filter Include="Utilities">
      <UniqueIdentifier>{7834a196-9524-469a-a7cd-0a3494089a99}</UniqueIdentifier>
    </Filter>
    <Filter Include="Utilities\Log">
      <UniqueIdentifier>{2647a130-575b-4ec1-b557-18fa0a16ba4b}</UniqueIdentifier>
    </Filter>
    <Filter Include="Utilities\Math">
      <UniqueIdentifier>{5a77197c-8872-41a6-bb37-22f0bc0055c9}</UniqueIdentifier>
    </Filter>
    <Filter Include="Utilities\MemoryTracking">
      <UniqueIdentifier>{2e2d500a-bf10-470d-9c66-5ce5c6c6b9fd}</UniqueIdentifier>
    </Filter>
    <Filter Include="Utilities\ThirdParty\OpenSource\bstrlib">
      <UniqueIdentifier>{d3c6b5e5-1b6f-4ed7-baba-bfa3cab35124}</UniqueIdentifier>
    </Filter>
    <Filter Include="Utilities\ThirdParty\OpenSource">
      <UniqueIdentifier>{c9035bac-77f3-430c-978b-65e9609e7608}</UniqueIdentifier>
    </Filter>
    <Filter Include="Utilities\ThirdParty">
      <UniqueIdentifier>{b4f00a69-f4e4-44dc-bccb-30d25c48df09}</UniqueIdentifier>
    </Filter>
    <Filter Include="Utilities\ThirdParty\OpenSource\lz4">
      <UniqueIdentifier>{4f585ee1-1b35-4e87-8764-9f9905a235c5}</UniqueIdentifier>
    </Filter>
    <Filter Include="Utilities\ThirdParty\OpenSource\zstd\common">
      <UniqueIdentifier>{77a550f3-b34d-4fd1-90b3-3be4e622bfa7}</UniqueIdentifier>
    </Filter>
    <Filter Include="Utilities\ThirdParty\OpenSource\zstd">
      <UniqueIdentifier>{006b693e-bbe6-495f-bd69-28ca6985ec4a}</UniqueIdentifier>
    </Filter>
    <Filter Include="Utilities\ThirdParty\OpenSource\zstd\decompress">
      <UniqueIdentifier>{d2acf6c6-8432-431d-87c6-3e12b4d20429}</UniqueIdentifier>
    </Filter>
    <Filter Include="Utilities\Threading">
      <UniqueIdentifier>{aa0b339f-44be-443e-a109-f52b1edba432}</UniqueIdentifier>
    </Filter>
    <Filter Include="Resources\AnimationSystem\Animation">
      <UniqueIdentifier>{af14d5e0-f895-408f-aee5-91f3ddab87e8}</UniqueIdentifier>
    </Filter>
    <Filter Include="Resources\AnimationSystem">
      <UniqueIdentifier>{e0f7880d-0075-4a3b-96cd-3b3d5e5ecdec}</UniqueIdentifier>
    </Filter>
    <Filter Include="Resources">
      <UniqueIdentifier>{d4c1fa80-7d68-44db-8a01-9e78b421e071}</UniqueIdentifier>
    </Filter>
    <Filter Include="OS\Input\HID">
      <UniqueIdentifier>{7e0d4d8f-a4ba-4b25-95f1-ad0e5b057b13}</UniqueIdentifier>
    </Filter>
    <Filter Include="OS\Input">
      <UniqueIdentifier>{3b8d0a87-7345-41e1-97f6-281e9db0980a}</UniqueIdentifier>
    </Filter>
    <Filter Include="Application\Interfaces">
      <UniqueIdentifier>{3cf78ed0-b3a4-4bba-9875-cf10f400c970}</UniqueIdentifier>
    </Filter>
    <Filter Include="Game\Interfaces">
      <UniqueIdentifier>{5c97a219-31e0-4c23-91be-fc50c146d958}</UniqueIdentifier>
    </Filter>
    <Filter Include="Application\Fonts\Shaders\FSL">
      <UniqueIdentifier>{5f542b57-b15c-43fa-89e3-366d3147cac4}</UniqueIdentifier>
    </Filter>
    <Filter Include="Application\Fonts\Shaders">
      <UniqueIdentifier>{40aa421f-0b84-4622-a435-f7345d6f2f2a}</UniqueIdentifier>
    </Filter>
    <Filter Include="OS\Interfaces">
      <UniqueIdentifier>{758f44e6-291a-49c9-a5c5-d574c9f3b360}</UniqueIdentifier>
    </Filter>
    <Filter Include="Utilities\Interfaces">
      <UniqueIdentifier>{b595134b-8543-4084-ad78-b047666f5436}</UniqueIdentifier>
    </Filter>
    <Filter Include="Graphics">
      <UniqueIdentifier>{5292483a-979d-41cf-b195-9b910dbf9a3c}</UniqueIdentifier>
    </Filter>
    <Filter Include="Application\UI\Shaders\FSL">
      <UniqueIdentifier>{ec98f7d2-1ed6-44d0-8420-aa8a4edb35fc}</UniqueIdentifier>
    </Filter>
    <Filter Include="Application\UI\Shaders">
      <UniqueIdentifier>{ed96321e-54f2-4565-bb5b-7c3bf7c6fc1e}</UniqueIdentifier>
    </Filter>
    <Filter Include="Resources\AnimationSystem\Animation\Shaders\FSL">
      <UniqueIdentifier>{c1a1acaa-91af-4bae-8dcb-6efe4fb133b5}</UniqueIdentifier>
    </Filter>
    <Filter Include="Resources\AnimationSystem\Animation\Shaders">
      <UniqueIdentifier>{0d8781ef-3cc8-4fb2-9c82-64f8ae2c5209}</UniqueIdentifier>
    </Filter>
  </ItemGroup>
  <ItemGroup>
    <ClCompile Include="..\..\..\..\..\Common_3\Application\CameraController.cpp">
      <Filter>Application</Filter>
    </ClCompile>
    <ClCompile Include="..\..\..\..\..\Common_3\Application\Profiler\GpuProfiler.cpp">
      <Filter>Application\Profiler</Filter>
    </ClCompile>
    <ClCompile Include="..\..\..\..\..\Common_3\Application\Profiler\ProfilerBase.cpp">
      <Filter>Application\Profiler</Filter>
    </ClCompile>
    <ClCompile Include="..\..\..\..\..\Common_3\Application\Screenshot.cpp">
      <Filter>Application</Filter>
    </ClCompile>
    <ClCompile Include="..\..\..\..\..\Common_3\Application\ThirdParty\OpenSource\imgui\imgui.cpp">
      <Filter>Application\ThirdParty\OpenSource\imgui</Filter>
    </ClCompile>
    <ClCompile Include="..\..\..\..\..\Common_3\Application\ThirdParty\OpenSource\imgui\imgui_demo.cpp">
      <Filter>Application\ThirdParty\OpenSource\imgui</Filter>
    </ClCompile>
    <ClCompile Include="..\..\..\..\..\Common_3\Application\ThirdParty\OpenSource\imgui\imgui_draw.cpp">
      <Filter>Application\ThirdParty\OpenSource\imgui</Filter>
    </ClCompile>
    <ClCompile Include="..\..\..\..\..\Common_3\Application\ThirdParty\OpenSource\imgui\imgui_widgets.cpp">
      <Filter>Application\ThirdParty\OpenSource\imgui</Filter>
    </ClCompile>
    <ClCompile Include="..\..\..\..\..\Common_3\Application\ThirdParty\OpenSource\imgui\imgui_tables.cpp">
      <Filter>Application\ThirdParty\OpenSource\imgui</Filter>
    </ClCompile>
    <ClCompile Include="..\..\..\..\..\Common_3\Application\UI\UI.cpp">
      <Filter>Application\UI</Filter>
    </ClCompile>
    <ClCompile Include="..\..\..\..\..\Common_3\Game\Scripting\LuaManager.cpp">
      <Filter>Game\Scripting</Filter>
    </ClCompile>
    <ClCompile Include="..\..\..\..\..\Common_3\Game\Scripting\LuaManagerImpl.cpp">
      <Filter>Game\Scripting</Filter>
    </ClCompile>
    <ClCompile Include="..\..\..\..\..\Common_3\Game\Scripting\LuaSystem.cpp">
      <Filter>Game\Scripting</Filter>
    </ClCompile>
    <ClCompile Include="..\..\..\..\..\Common_3\Game\ThirdParty\OpenSource\lua-5.3.5\src\lapi.c">
      <Filter>Game\ThirdParty\OpenSource\lua-5.3.5\src</Filter>
    </ClCompile>
    <ClCompile Include="..\..\..\..\..\Common_3\Game\ThirdParty\OpenSource\lua-5.3.5\src\lauxlib.c">
      <Filter>Game\ThirdParty\OpenSource\lua-5.3.5\src</Filter>
    </ClCompile>
    <ClCompile Include="..\..\..\..\..\Common_3\Game\ThirdParty\OpenSource\lua-5.3.5\src\lbaselib.c">
      <Filter>Game\ThirdParty\OpenSource\lua-5.3.5\src</Filter>
    </ClCompile>
    <ClCompile Include="..\..\..\..\..\Common_3\Game\ThirdParty\OpenSource\lua-5.3.5\src\lbitlib.c">
      <Filter>Game\ThirdParty\OpenSource\lua-5.3.5\src</Filter>
    </ClCompile>
    <ClCompile Include="..\..\..\..\..\Common_3\Game\ThirdParty\OpenSource\lua-5.3.5\src\lcode.c">
      <Filter>Game\ThirdParty\OpenSource\lua-5.3.5\src</Filter>
    </ClCompile>
    <ClCompile Include="..\..\..\..\..\Common_3\Game\ThirdParty\OpenSource\lua-5.3.5\src\lcorolib.c">
      <Filter>Game\ThirdParty\OpenSource\lua-5.3.5\src</Filter>
    </ClCompile>
    <ClCompile Include="..\..\..\..\..\Common_3\Game\ThirdParty\OpenSource\lua-5.3.5\src\lctype.c">
      <Filter>Game\ThirdParty\OpenSource\lua-5.3.5\src</Filter>
    </ClCompile>
    <ClCompile Include="..\..\..\..\..\Common_3\Game\ThirdParty\OpenSource\lua-5.3.5\src\ldblib.c">
      <Filter>Game\ThirdParty\OpenSource\lua-5.3.5\src</Filter>
    </ClCompile>
    <ClCompile Include="..\..\..\..\..\Common_3\Game\ThirdParty\OpenSource\lua-5.3.5\src\ldebug.c">
      <Filter>Game\ThirdParty\OpenSource\lua-5.3.5\src</Filter>
    </ClCompile>
    <ClCompile Include="..\..\..\..\..\Common_3\Game\ThirdParty\OpenSource\lua-5.3.5\src\ldo.c">
      <Filter>Game\ThirdParty\OpenSource\lua-5.3.5\src</Filter>
    </ClCompile>
    <ClCompile Include="..\..\..\..\..\Common_3\Game\ThirdParty\OpenSource\lua-5.3.5\src\ldump.c">
      <Filter>Game\ThirdParty\OpenSource\lua-5.3.5\src</Filter>
    </ClCompile>
    <ClCompile Include="..\..\..\..\..\Common_3\Game\ThirdParty\OpenSource\lua-5.3.5\src\lfunc.c">
      <Filter>Game\ThirdParty\OpenSource\lua-5.3.5\src</Filter>
    </ClCompile>
    <ClCompile Include="..\..\..\..\..\Common_3\Game\ThirdParty\OpenSource\lua-5.3.5\src\lgc.c">
      <Filter>Game\ThirdParty\OpenSource\lua-5.3.5\src</Filter>
    </ClCompile>
    <ClCompile Include="..\..\..\..\..\Common_3\Game\ThirdParty\OpenSource\lua-5.3.5\src\linit.c">
      <Filter>Game\ThirdParty\OpenSource\lua-5.3.5\src</Filter>
    </ClCompile>
    <ClCompile Include="..\..\..\..\..\Common_3\Game\ThirdParty\OpenSource\lua-5.3.5\src\liolib.c">
      <Filter>Game\ThirdParty\OpenSource\lua-5.3.5\src</Filter>
    </ClCompile>
    <ClCompile Include="..\..\..\..\..\Common_3\Game\ThirdParty\OpenSource\lua-5.3.5\src\llex.c">
      <Filter>Game\ThirdParty\OpenSource\lua-5.3.5\src</Filter>
    </ClCompile>
    <ClCompile Include="..\..\..\..\..\Common_3\Game\ThirdParty\OpenSource\lua-5.3.5\src\lmathlib.c">
      <Filter>Game\ThirdParty\OpenSource\lua-5.3.5\src</Filter>
    </ClCompile>
    <ClCompile Include="..\..\..\..\..\Common_3\Game\ThirdParty\OpenSource\lua-5.3.5\src\lmem.c">
      <Filter>Game\ThirdParty\OpenSource\lua-5.3.5\src</Filter>
    </ClCompile>
    <ClCompile Include="..\..\..\..\..\Common_3\Game\ThirdParty\OpenSource\lua-5.3.5\src\loadlib.c">
      <Filter>Game\ThirdParty\OpenSource\lua-5.3.5\src</Filter>
    </ClCompile>
    <ClCompile Include="..\..\..\..\..\Common_3\Game\ThirdParty\OpenSource\lua-5.3.5\src\lobject.c">
      <Filter>Game\ThirdParty\OpenSource\lua-5.3.5\src</Filter>
    </ClCompile>
    <ClCompile Include="..\..\..\..\..\Common_3\Game\ThirdParty\OpenSource\lua-5.3.5\src\lopcodes.c">
      <Filter>Game\ThirdParty\OpenSource\lua-5.3.5\src</Filter>
    </ClCompile>
    <ClCompile Include="..\..\..\..\..\Common_3\Game\ThirdParty\OpenSource\lua-5.3.5\src\loslib.c">
      <Filter>Game\ThirdParty\OpenSource\lua-5.3.5\src</Filter>
    </ClCompile>
    <ClCompile Include="..\..\..\..\..\Common_3\Game\ThirdParty\OpenSource\lua-5.3.5\src\lparser.c">
      <Filter>Game\ThirdParty\OpenSource\lua-5.3.5\src</Filter>
    </ClCompile>
    <ClCompile Include="..\..\..\..\..\Common_3\Game\ThirdParty\OpenSource\lua-5.3.5\src\lstate.c">
      <Filter>Game\ThirdParty\OpenSource\lua-5.3.5\src</Filter>
    </ClCompile>
    <ClCompile Include="..\..\..\..\..\Common_3\Game\ThirdParty\OpenSource\lua-5.3.5\src\lstring.c">
      <Filter>Game\ThirdParty\OpenSource\lua-5.3.5\src</Filter>
    </ClCompile>
    <ClCompile Include="..\..\..\..\..\Common_3\Game\ThirdParty\OpenSource\lua-5.3.5\src\lstrlib.c">
      <Filter>Game\ThirdParty\OpenSource\lua-5.3.5\src</Filter>
    </ClCompile>
    <ClCompile Include="..\..\..\..\..\Common_3\Game\ThirdParty\OpenSource\lua-5.3.5\src\ltable.c">
      <Filter>Game\ThirdParty\OpenSource\lua-5.3.5\src</Filter>
    </ClCompile>
    <ClCompile Include="..\..\..\..\..\Common_3\Game\ThirdParty\OpenSource\lua-5.3.5\src\ltablib.c">
      <Filter>Game\ThirdParty\OpenSource\lua-5.3.5\src</Filter>
    </ClCompile>
    <ClCompile Include="..\..\..\..\..\Common_3\Game\ThirdParty\OpenSource\lua-5.3.5\src\ltm.c">
      <Filter>Game\ThirdParty\OpenSource\lua-5.3.5\src</Filter>
    </ClCompile>
    <ClCompile Include="..\..\..\..\..\Common_3\Game\ThirdParty\OpenSource\lua-5.3.5\src\lundump.c">
      <Filter>Game\ThirdParty\OpenSource\lua-5.3.5\src</Filter>
    </ClCompile>
    <ClCompile Include="..\..\..\..\..\Common_3\Game\ThirdParty\OpenSource\lua-5.3.5\src\lutf8lib.c">
      <Filter>Game\ThirdParty\OpenSource\lua-5.3.5\src</Filter>
    </ClCompile>
    <ClCompile Include="..\..\..\..\..\Common_3\Game\ThirdParty\OpenSource\lua-5.3.5\src\lvm.c">
      <Filter>Game\ThirdParty\OpenSource\lua-5.3.5\src</Filter>
    </ClCompile>
    <ClCompile Include="..\..\..\..\..\Common_3\Game\ThirdParty\OpenSource\lua-5.3.5\src\lzio.c">
      <Filter>Game\ThirdParty\OpenSource\lua-5.3.5\src</Filter>
    </ClCompile>
    <ClCompile Include="..\..\..\..\..\Common_3\Application\Fonts\FontSystem.cpp">
      <Filter>Application\Fonts</Filter>
    </ClCompile>
    <ClCompile Include="..\..\..\..\..\Common_3\Application\Fonts\stbtt.cpp">
      <Filter>Application\Fonts</Filter>
    </ClCompile>
    <ClCompile Include="..\..\..\..\..\Common_3\OS\CPUConfig.cpp">
      <Filter>OS</Filter>
    </ClCompile>
    <ClCompile Include="..\..\..\..\..\Common_3\OS\ThirdParty\OpenSource\cpu_features\src\impl_x86_windows.c">
      <Filter>OS\ThirdParty\OpenSource\cpu_features\src</Filter>
    </ClCompile>
    <ClCompile Include="..\..\..\..\..\Common_3\OS\ThirdParty\OpenSource\hidapi\windows\hid.c">
      <Filter>OS\ThirdParty\OpenSource\hidapi\windows</Filter>
    </ClCompile>
    <ClCompile Include="..\..\..\..\..\Common_3\OS\WindowSystem\WindowSystem.cpp">
      <Filter>OS\WindowSystem</Filter>
    </ClCompile>
    <ClCompile Include="..\..\..\..\..\Common_3\OS\Windows\WindowsInput.cpp">
      <Filter>OS\Windows</Filter>
    </ClCompile>
    <ClCompile Include="..\..\..\..\..\Common_3\Utilities\FileSystem\FileSystem.c">
      <Filter>Utilities\FileSystem</Filter>
    </ClCompile>
    <ClCompile Include="..\..\..\..\..\Common_3\Utilities\Log\Log.c">
      <Filter>Utilities\Log</Filter>
    </ClCompile>
    <ClCompile Include="..\..\..\..\..\Common_3\Utilities\Math\Algorithms.c">
      <Filter>Utilities\Math</Filter>
    </ClCompile>
    <ClCompile Include="..\..\..\..\..\Common_3\Utilities\Math\StbDs.c">
      <Filter>Utilities\Math</Filter>
    </ClCompile>
    <ClCompile Include="..\..\..\..\..\Common_3\Utilities\MemoryTracking\MemoryTracking.c">
      <Filter>Utilities\MemoryTracking</Filter>
    </ClCompile>
    <ClCompile Include="..\..\..\..\..\Common_3\Utilities\ThirdParty\OpenSource\bstrlib\bstrlib.c">
      <Filter>Utilities\ThirdParty\OpenSource\bstrlib</Filter>
    </ClCompile>
    <ClCompile Include="..\..\..\..\..\Common_3\Utilities\ThirdParty\OpenSource\lz4\lz4.c">
      <Filter>Utilities\ThirdParty\OpenSource\lz4</Filter>
    </ClCompile>
    <ClCompile Include="..\..\..\..\..\Common_3\Utilities\ThirdParty\OpenSource\zstd\common\debug.c">
      <Filter>Utilities\ThirdParty\OpenSource\zstd\common</Filter>
    </ClCompile>
    <ClCompile Include="..\..\..\..\..\Common_3\Utilities\ThirdParty\OpenSource\zstd\common\entropy_common.c">
      <Filter>Utilities\ThirdParty\OpenSource\zstd\common</Filter>
    </ClCompile>
    <ClCompile Include="..\..\..\..\..\Common_3\Utilities\ThirdParty\OpenSource\zstd\common\error_private.c">
      <Filter>Utilities\ThirdParty\OpenSource\zstd\common</Filter>
    </ClCompile>
    <ClCompile Include="..\..\..\..\..\Common_3\Utilities\ThirdParty\OpenSource\zstd\common\fse_decompress.c">
      <Filter>Utilities\ThirdParty\OpenSource\zstd\common</Filter>
    </ClCompile>
    <ClCompile Include="..\..\..\..\..\Common_3\Utilities\ThirdParty\OpenSource\zstd\common\pool.c">
      <Filter>Utilities\ThirdParty\OpenSource\zstd\common</Filter>
    </ClCompile>
    <ClCompile Include="..\..\..\..\..\Common_3\Utilities\ThirdParty\OpenSource\zstd\common\threading.c">
      <Filter>Utilities\ThirdParty\OpenSource\zstd\common</Filter>
    </ClCompile>
    <ClCompile Include="..\..\..\..\..\Common_3\Utilities\ThirdParty\OpenSource\zstd\common\xxhash.c">
      <Filter>Utilities\ThirdParty\OpenSource\zstd\common</Filter>
    </ClCompile>
    <ClCompile Include="..\..\..\..\..\Common_3\Utilities\ThirdParty\OpenSource\zstd\common\zstd_common.c">
      <Filter>Utilities\ThirdParty\OpenSource\zstd\common</Filter>
    </ClCompile>
    <ClCompile Include="..\..\..\..\..\Common_3\Utilities\ThirdParty\OpenSource\zstd\decompress\huf_decompress.c">
      <Filter>Utilities\ThirdParty\OpenSource\zstd\decompress</Filter>
    </ClCompile>
    <ClCompile Include="..\..\..\..\..\Common_3\Utilities\ThirdParty\OpenSource\zstd\decompress\zstd_ddict.c">
      <Filter>Utilities\ThirdParty\OpenSource\zstd\decompress</Filter>
    </ClCompile>
    <ClCompile Include="..\..\..\..\..\Common_3\Utilities\ThirdParty\OpenSource\zstd\decompress\zstd_decompress.c">
      <Filter>Utilities\ThirdParty\OpenSource\zstd\decompress</Filter>
    </ClCompile>
    <ClCompile Include="..\..\..\..\..\Common_3\Utilities\ThirdParty\OpenSource\zstd\decompress\zstd_decompress_block.c">
      <Filter>Utilities\ThirdParty\OpenSource\zstd\decompress</Filter>
    </ClCompile>
    <ClCompile Include="..\..\..\..\..\Common_3\Utilities\Threading\ThreadSystem.c">
      <Filter>Utilities\Threading</Filter>
    </ClCompile>
    <ClCompile Include="..\..\..\..\..\Common_3\Utilities\Timer.c">
      <Filter>Utilities</Filter>
    </ClCompile>
    <ClCompile Include="..\..\..\..\..\Common_3\OS\Windows\WindowsBase.cpp">
      <Filter>OS\Windows</Filter>
    </ClCompile>
    <ClCompile Include="..\..\..\..\..\Common_3\OS\Windows\WindowsFileSystem.cpp">
      <Filter>OS\Windows</Filter>
    </ClCompile>
    <ClCompile Include="..\..\..\..\..\Common_3\OS\Windows\WindowsLog.c">
      <Filter>OS\Windows</Filter>
    </ClCompile>
    <ClCompile Include="..\..\..\..\..\Common_3\OS\Windows\WindowsStackTraceDump.cpp">
      <Filter>OS\Windows</Filter>
    </ClCompile>
    <ClCompile Include="..\..\..\..\..\Common_3\OS\Windows\WindowsThread.c">
      <Filter>OS\Windows</Filter>
    </ClCompile>
    <ClCompile Include="..\..\..\..\..\Common_3\OS\Windows\WindowsTime.c">
      <Filter>OS\Windows</Filter>
    </ClCompile>
    <ClCompile Include="..\..\..\..\..\Common_3\OS\Windows\WindowsWindow.cpp">
      <Filter>OS\Windows</Filter>
    </ClCompile>
    <ClCompile Include="..\..\..\..\..\Common_3\Resources\AnimationSystem\Animation\AnimatedObject.cpp">
      <Filter>Resources\AnimationSystem\Animation</Filter>
    </ClCompile>
    <ClCompile Include="..\..\..\..\..\Common_3\Resources\AnimationSystem\Animation\Animation.cpp">
      <Filter>Resources\AnimationSystem\Animation</Filter>
    </ClCompile>
    <ClCompile Include="..\..\..\..\..\Common_3\Resources\AnimationSystem\Animation\Clip.cpp">
      <Filter>Resources\AnimationSystem\Animation</Filter>
    </ClCompile>
    <ClCompile Include="..\..\..\..\..\Common_3\Resources\AnimationSystem\Animation\ClipController.cpp">
      <Filter>Resources\AnimationSystem\Animation</Filter>
    </ClCompile>
    <ClCompile Include="..\..\..\..\..\Common_3\Resources\AnimationSystem\Animation\ClipMask.cpp">
      <Filter>Resources\AnimationSystem\Animation</Filter>
    </ClCompile>
    <ClCompile Include="..\..\..\..\..\Common_3\Resources\AnimationSystem\Animation\Rig.cpp">
      <Filter>Resources\AnimationSystem\Animation</Filter>
    </ClCompile>
    <ClCompile Include="..\..\..\..\..\Common_3\Resources\AnimationSystem\Animation\SkeletonBatcher.cpp">
      <Filter>Resources\AnimationSystem\Animation</Filter>
    </ClCompile>
    <ClInclude Include="..\..\..\..\..\Common_3\OS\Input\HID\HIDParserPS4Controller.h">
      <Filter>OS\Input\HID</Filter>
    </ClInclude>
    <ClInclude Include="..\..\..\..\..\Common_3\OS\Input\HID\HIDParserPS5Controller.h">
      <Filter>OS\Input\HID</Filter>
    </ClInclude>
    <ClInclude Include="..\..\..\..\..\Common_3\OS\Input\HID\HIDParserSwitchController.h">
      <Filter>OS\Input\HID</Filter>
    </ClInclude>
    <ClInclude Include="..\..\..\..\..\Common_3\Application\Config.h">
      <Filter>Application</Filter>
    </ClInclude>
    <ClInclude Include="..\..\..\..\..\Common_3\Application\Interfaces\IApp.h">
      <Filter>Application\Interfaces</Filter>
    </ClInclude>
    <ClInclude Include="..\..\..\..\..\Common_3\Application\Interfaces\ICameraController.h">
      <Filter>Application\Interfaces</Filter>
    </ClInclude>
    <ClInclude Include="..\..\..\..\..\Common_3\Application\Interfaces\IMiddleware.h">
      <Filter>Application\Interfaces</Filter>
    </ClInclude>
    <ClInclude Include="..\..\..\..\..\Common_3\Application\Interfaces\IProfiler.h">
      <Filter>Application\Interfaces</Filter>
    </ClInclude>
    <ClInclude Include="..\..\..\..\..\Common_3\Application\Interfaces\IScreenshot.h">
      <Filter>Application\Interfaces</Filter>
    </ClInclude>
    <ClInclude Include="..\..\..\..\..\Common_3\Application\Interfaces\IUI.h">
      <Filter>Application\Interfaces</Filter>
    </ClInclude>
    <ClInclude Include="..\..\..\..\..\Common_3\Application\Profiler\GpuProfiler.h">
      <Filter>Application\Profiler</Filter>
    </ClInclude>
    <ClInclude Include="..\..\..\..\..\Common_3\Application\Profiler\ProfilerBase.h">
      <Filter>Application\Profiler</Filter>
    </ClInclude>
    <ClInclude Include="..\..\..\..\..\Common_3\Application\Profiler\ProfilerHTML.h">
      <Filter>Application\Profiler</Filter>
    </ClInclude>
    <ClInclude Include="..\..\..\..\..\Common_3\Application\ThirdParty\OpenSource\imgui\imconfig.h">
      <Filter>Application\ThirdParty\OpenSource\imgui</Filter>
    </ClInclude>
    <ClInclude Include="..\..\..\..\..\Common_3\Application\ThirdParty\OpenSource\imgui\imgui.h">
      <Filter>Application\ThirdParty\OpenSource\imgui</Filter>
    </ClInclude>
    <ClInclude Include="..\..\..\..\..\Common_3\Application\ThirdParty\OpenSource\imgui\imgui_internal.h">
      <Filter>Application\ThirdParty\OpenSource\imgui</Filter>
    </ClInclude>
    <ClInclude Include="..\..\..\..\..\Common_3\Game\Interfaces\IScripting.h">
      <Filter>Game\Interfaces</Filter>
    </ClInclude>
    <ClInclude Include="..\..\..\..\..\Common_3\Game\Scripting\LuaManager.h">
      <Filter>Game\Scripting</Filter>
    </ClInclude>
    <ClInclude Include="..\..\..\..\..\Common_3\Game\Scripting\LuaManagerCommon.h">
      <Filter>Game\Scripting</Filter>
    </ClInclude>
    <ClInclude Include="..\..\..\..\..\Common_3\Game\Scripting\LuaManagerImpl.h">
      <Filter>Game\Scripting</Filter>
    </ClInclude>
    <ClInclude Include="..\..\..\..\..\Common_3\Game\Scripting\LunaV.hpp">
      <Filter>Game\Scripting</Filter>
    </ClInclude>
    <ClInclude Include="..\..\..\..\..\Common_3\Application\Fonts\Shaders\FSL\resources.h">
      <Filter>Application\Fonts\Shaders\FSL</Filter>
    </ClInclude>
    <ClInclude Include="..\..\..\..\..\Common_3\Application\Interfaces\IFont.h">
      <Filter>Application\Interfaces</Filter>
    </ClInclude>
    <ClInclude Include="..\..\..\..\..\Common_3\OS\CPUConfig.h">
      <Filter>OS</Filter>
    </ClInclude>
    <ClInclude Include="..\..\..\..\..\Common_3\OS\Input\HID\HIDInput.h">
      <Filter>OS\Input\HID</Filter>
    </ClInclude>
    <ClInclude Include="..\..\..\..\..\Common_3\OS\Input\InputCommon.h">
      <Filter>OS\Input</Filter>
    </ClInclude>
    <ClInclude Include="..\..\..\..\..\Common_3\OS\Input\TouchInput.h">
      <Filter>OS\Input</Filter>
    </ClInclude>
    <ClInclude Include="..\..\..\..\..\Common_3\OS\Interfaces\IInput.h">
      <Filter>OS\Interfaces</Filter>
    </ClInclude>
    <ClInclude Include="..\..\..\..\..\Common_3\OS\Interfaces\IOperatingSystem.h">
      <Filter>OS\Interfaces</Filter>
    </ClInclude>
    <ClInclude Include="..\..\..\..\..\Common_3\OS\ThirdParty\OpenSource\hidapi\hidapi.h">
      <Filter>OS\ThirdParty\OpenSource\hidapi</Filter>
    </ClInclude>
    <ClInclude Include="..\..\..\..\..\Common_3\OS\Windows\WindowsStackTraceDump.h">
      <Filter>OS\Windows</Filter>
    </ClInclude>
    <ClInclude Include="..\..\..\..\..\Common_3\Resources\AnimationSystem\Animation\AnimatedObject.h">
      <Filter>Resources\AnimationSystem\Animation</Filter>
    </ClInclude>
    <ClInclude Include="..\..\..\..\..\Common_3\Resources\AnimationSystem\Animation\Animation.h">
      <Filter>Resources\AnimationSystem\Animation</Filter>
    </ClInclude>
    <ClInclude Include="..\..\..\..\..\Common_3\Resources\AnimationSystem\Animation\Clip.h">
      <Filter>Resources\AnimationSystem\Animation</Filter>
    </ClInclude>
    <ClInclude Include="..\..\..\..\..\Common_3\Resources\AnimationSystem\Animation\ClipController.h">
      <Filter>Resources\AnimationSystem\Animation</Filter>
    </ClInclude>
    <ClInclude Include="..\..\..\..\..\Common_3\Resources\AnimationSystem\Animation\ClipMask.h">
      <Filter>Resources\AnimationSystem\Animation</Filter>
    </ClInclude>
    <ClInclude Include="..\..\..\..\..\Common_3\Resources\AnimationSystem\Animation\Rig.h">
      <Filter>Resources\AnimationSystem\Animation</Filter>
    </ClInclude>
    <ClInclude Include="..\..\..\..\..\Common_3\Resources\AnimationSystem\Animation\SkeletonBatcher.h">
      <Filter>Resources\AnimationSystem\Animation</Filter>
    </ClInclude>
    <ClInclude Include="..\..\..\..\..\Common_3\Utilities\CustomUIWidgets.h">
      <Filter>Utilities</Filter>
    </ClInclude>
    <ClInclude Include="..\..\..\..\..\Common_3\Utilities\Interfaces\IFileSystem.h">
      <Filter>Utilities\Interfaces</Filter>
    </ClInclude>
    <ClInclude Include="..\..\..\..\..\Common_3\Utilities\Interfaces\ILog.h">
      <Filter>Utilities\Interfaces</Filter>
    </ClInclude>
    <ClInclude Include="..\..\..\..\..\Common_3\Utilities\Interfaces\IMemory.h">
      <Filter>Utilities\Interfaces</Filter>
    </ClInclude>
    <ClInclude Include="..\..\..\..\..\Common_3\Utilities\Interfaces\IThread.h">
      <Filter>Utilities\Interfaces</Filter>
    </ClInclude>
    <ClInclude Include="..\..\..\..\..\Common_3\Utilities\Interfaces\ITime.h">
      <Filter>Utilities\Interfaces</Filter>
    </ClInclude>
    <ClInclude Include="..\..\..\..\..\Common_3\Utilities\Log\Log.h">
      <Filter>Utilities\Log</Filter>
    </ClInclude>
    <ClInclude Include="..\..\..\..\..\Common_3\Utilities\Math\Algorithms.h">
      <Filter>Utilities\Math</Filter>
    </ClInclude>
    <ClInclude Include="..\..\..\..\..\Common_3\Utilities\Math\AlgorithmsImpl.h">
      <Filter>Utilities\Math</Filter>
    </ClInclude>
    <ClInclude Include="..\..\..\..\..\Common_3\Utilities\Math\Random.h">
      <Filter>Utilities\Math</Filter>
    </ClInclude>
    <ClInclude Include="..\..\..\..\..\Common_3\Utilities\Math\BStringHashMap.h">
      <Filter>Utilities\Math</Filter>
    </ClInclude>
    <ClInclude Include="..\..\..\..\..\Common_3\Utilities\Math\MathTypes.h">
      <Filter>Utilities\Math</Filter>
    </ClInclude>
    <ClInclude Include="..\..\..\..\..\Common_3\Utilities\Math\RTree.h">
      <Filter>Utilities\Math</Filter>
    </ClInclude>
    <ClInclude Include="..\..\..\..\..\Common_3\Utilities\Math\ShaderUtilities.h">
      <Filter>Utilities\Math</Filter>
    </ClInclude>
    <ClInclude Include="..\..\..\..\..\Common_3\Graphics\ShaderUtilities.h.fsl">
      <Filter>Graphics</Filter>
    </ClInclude>
    <ClInclude Include="..\..\..\..\..\Common_3\Utilities\MemoryTracking\NoMemoryDefines.h">
      <Filter>Utilities\MemoryTracking</Filter>
    </ClInclude>
    <ClInclude Include="..\..\..\..\..\Common_3\Utilities\RingBuffer.h">
      <Filter>Utilities</Filter>
    </ClInclude>
    <ClInclude Include="..\..\..\..\..\Common_3\Utilities\ThirdParty\OpenSource\bstrlib\bstrlib.h">
      <Filter>Utilities\ThirdParty\OpenSource\bstrlib</Filter>
    </ClInclude>
    <ClInclude Include="..\..\..\..\..\Common_3\Utilities\Threading\Atomics.h">
      <Filter>Utilities\Threading</Filter>
    </ClInclude>
    <ClInclude Include="..\..\..\..\..\Common_3\Utilities\Threading\ThreadSystem.h">
      <Filter>Utilities\Threading</Filter>
    </ClInclude>
    <FSLShader Include="..\..\..\..\..\Common_3\Application\UI\Shaders\FSL\imgui.frag.fsl">
      <Filter>Application\UI\Shaders\FSL</Filter>
    </FSLShader>
    <FSLShader Include="..\..\..\..\..\Common_3\Application\UI\Shaders\FSL\imgui.vert.fsl">
      <Filter>Application\UI\Shaders\FSL</Filter>
    </FSLShader>
    <FSLShader Include="..\..\..\..\..\Common_3\Application\UI\Shaders\FSL\textured_mesh.frag.fsl">
      <Filter>Application\UI\Shaders\FSL</Filter>
    </FSLShader>
    <FSLShader Include="..\..\..\..\..\Common_3\Application\UI\Shaders\FSL\textured_mesh.vert.fsl">
      <Filter>Application\UI\Shaders\FSL</Filter>
    </FSLShader>
    <FSLShader Include="..\..\..\..\..\Common_3\Application\UI\Shaders\FSL\UI_ShaderList.fsl">
      <Filter>Application\UI\Shaders\FSL</Filter>
    </FSLShader>
    <FSLShader Include="..\..\..\..\..\Common_3\Application\Fonts\Shaders\FSL\fontstash.frag.fsl">
      <Filter>Application\Fonts\Shaders\FSL</Filter>
    </FSLShader>
    <FSLShader Include="..\..\..\..\..\Common_3\Application\Fonts\Shaders\FSL\fontstash2D.vert.fsl">
      <Filter>Application\Fonts\Shaders\FSL</Filter>
    </FSLShader>
    <FSLShader Include="..\..\..\..\..\Common_3\Application\Fonts\Shaders\FSL\fontstash3D.vert.fsl">
      <Filter>Application\Fonts\Shaders\FSL</Filter>
    </FSLShader>
    <FSLShader Include="..\..\..\..\..\Common_3\Application\Fonts\Shaders\FSL\Fonts_ShaderList.fsl">
      <Filter>Application\Fonts\Shaders\FSL</Filter>
    </FSLShader>
    <FSLShader Include="..\..\..\..\..\Common_3\Resources\AnimationSystem\Animation\Shaders\FSL\Animation_ShaderList.fsl">
      <Filter>Resources\AnimationSystem\Animation\Shaders\FSL</Filter>
    </FSLShader>
    <FSLShader Include="..\..\..\..\..\Common_3\Resources\AnimationSystem\Animation\Shaders\FSL\bone.frag.fsl">
      <Filter>Resources\AnimationSystem\Animation\Shaders\FSL</Filter>
    </FSLShader>
    <FSLShader Include="..\..\..\..\..\Common_3\Resources\AnimationSystem\Animation\Shaders\FSL\bone.vert.fsl">
      <Filter>Resources\AnimationSystem\Animation\Shaders\FSL</Filter>
    </FSLShader>
    <FSLShader Include="..\..\..\..\..\Common_3\Resources\AnimationSystem\Animation\Shaders\FSL\joint.frag.fsl">
      <Filter>Resources\AnimationSystem\Animation\Shaders\FSL</Filter>
    </FSLShader>
    <FSLShader Include="..\..\..\..\..\Common_3\Resources\AnimationSystem\Animation\Shaders\FSL\joint.vert.fsl">
      <Filter>Resources\AnimationSystem\Animation\Shaders\FSL</Filter>
    </FSLShader>
  </ItemGroup>
</Project>