<?xml version="1.0" encoding="utf-8"?>
<Project ToolsVersion="4.0" xmlns="http://schemas.microsoft.com/developer/msbuild/2003">
  <ItemGroup>
    <Filter Include="Source">
      <UniqueIdentifier>{9dd6478b-e6ed-495f-970c-0f9d6255865b}</UniqueIdentifier>
    </Filter>
    <Filter Include="Headers">
      <UniqueIdentifier>{3e95dd04-fff2-4bec-ba18-88fc16c8f0c2}</UniqueIdentifier>
    </Filter>
    <Filter Include="FSLShaders">
      <UniqueIdentifier>{fd1c1568-4263-4352-a771-011dff9d2319}</UniqueIdentifier>
    </Filter>
    <Filter Include="Misc">
      <UniqueIdentifier>{87e933f7-c0f0-4337-990f-6f3cc5940ffa}</UniqueIdentifier>
    </Filter>
    <Filter Include="Scripts">
      <UniqueIdentifier>{91e6725f-ba0b-4466-8de9-8816c84dae7a}</UniqueIdentifier>
    </Filter>
  </ItemGroup>
  <ItemGroup>
    <ClCompile Include="..\..\src\06_MaterialPlayground\06_MaterialPlayground.cpp">
      <Filter>Source</Filter>
    </ClCompile>
    <ClInclude Include="..\..\src\06_MaterialPlayground\Shaders\FSL\capsules.srt.h">
      <Filter>Headers</Filter>
    </ClInclude>
    <ClInclude Include="..\..\src\06_MaterialPlayground\Shaders\FSL\compute_specular_comp.srt.h">
      <Filter>Headers</Filter>
    </ClInclude>
    <ClInclude Include="..\..\src\06_MaterialPlayground\Shaders\FSL\hair.srt.h">
      <Filter>Headers</Filter>
    </ClInclude>
    <ClInclude Include="..\..\src\06_MaterialPlayground\Shaders\FSL\srt.h">
      <Filter>Headers</Filter>
    </ClInclude>
    <FSLShader Include="..\..\src\06_MaterialPlayground\Shaders\FSL\BRDFIntegration.comp.fsl">
      <Filter>FSLShaders</Filter>
    </FSLShader>
    <FSLShader Include="..\..\src\06_MaterialPlayground\Shaders\FSL\computeIrradianceMap.comp.fsl">
      <Filter>FSLShaders</Filter>
    </FSLShader>
    <FSLShader Include="..\..\src\06_MaterialPlayground\Shaders\FSL\computeSpecularMap.comp.fsl">
      <Filter>FSLShaders</Filter>
    </FSLShader>
    <FSLShader Include="..\..\src\06_MaterialPlayground\Shaders\FSL\fullscreen.vert.fsl">
      <Filter>FSLShaders</Filter>
    </FSLShader>
    <FSLShader Include="..\..\src\06_MaterialPlayground\Shaders\FSL\hair.comp.h.fsl">
      <Filter>FSLShaders</Filter>
    </FSLShader>
    <FSLShader Include="..\..\src\06_MaterialPlayground\Shaders\FSL\hair.h.fsl">
      <Filter>FSLShaders</Filter>
    </FSLShader>
    <FSLShader Include="..\..\src\06_MaterialPlayground\Shaders\FSL\hair.vert.fsl">
      <Filter>FSLShaders</Filter>
    </FSLShader>
    <FSLShader Include="..\..\src\06_MaterialPlayground\Shaders\FSL\hair_integrate.comp.fsl">
      <Filter>FSLShaders</Filter>
    </FSLShader>
    <FSLShader Include="..\..\src\06_MaterialPlayground\Shaders\FSL\hair_length_constraints.comp.fsl">
      <Filter>FSLShaders</Filter>
    </FSLShader>
    <FSLShader Include="..\..\src\06_MaterialPlayground\Shaders\FSL\hair_local_constraints.comp.fsl">
      <Filter>FSLShaders</Filter>
    </FSLShader>
    <FSLShader Include="..\..\src\06_MaterialPlayground\Shaders\FSL\hair_pre_warm.comp.fsl">
      <Filter>FSLShaders</Filter>
    </FSLShader>
    <FSLShader Include="..\..\src\06_MaterialPlayground\Shaders\FSL\hair_shadow.frag.fsl">
      <Filter>FSLShaders</Filter>
    </FSLShader>
    <FSLShader Include="..\..\src\06_MaterialPlayground\Shaders\FSL\hair_shadow.vert.fsl">
      <Filter>FSLShaders</Filter>
    </FSLShader>
    <FSLShader Include="..\..\src\06_MaterialPlayground\Shaders\FSL\hair_shock_propagation.comp.fsl">
      <Filter>FSLShaders</Filter>
    </FSLShader>
    <FSLShader Include="..\..\src\06_MaterialPlayground\Shaders\FSL\hair_short_cut_clear.frag.fsl">
      <Filter>FSLShaders</Filter>
    </FSLShader>
    <FSLShader Include="..\..\src\06_MaterialPlayground\Shaders\FSL\hair_short_cut_depth_peeling.frag.fsl">
      <Filter>FSLShaders</Filter>
    </FSLShader>
    <FSLShader Include="..\..\src\06_MaterialPlayground\Shaders\FSL\hair_short_cut_fill_color.frag.fsl">
      <Filter>FSLShaders</Filter>
    </FSLShader>
    <FSLShader Include="..\..\src\06_MaterialPlayground\Shaders\FSL\hair_short_cut_resolve_color.frag.fsl">
      <Filter>FSLShaders</Filter>
    </FSLShader>
    <FSLShader Include="..\..\src\06_MaterialPlayground\Shaders\FSL\hair_short_cut_resolve_depth.frag.fsl">
      <Filter>FSLShaders</Filter>
    </FSLShader>
    <FSLShader Include="..\..\src\06_MaterialPlayground\Shaders\FSL\hair_update_follow_hairs.comp.fsl">
      <Filter>FSLShaders</Filter>
    </FSLShader>
    <FSLShader Include="..\..\src\06_MaterialPlayground\Shaders\FSL\renderSceneBRDF.frag.fsl">
      <Filter>FSLShaders</Filter>
    </FSLShader>
    <FSLShader Include="..\..\src\06_MaterialPlayground\Shaders\FSL\renderSceneBRDF.vert.fsl">
      <Filter>FSLShaders</Filter>
    </FSLShader>
    <FSLShader Include="..\..\src\06_MaterialPlayground\Shaders\FSL\renderSceneBRDF_resources.h.fsl">
      <Filter>FSLShaders</Filter>
    </FSLShader>
    <FSLShader Include="..\..\src\06_MaterialPlayground\Shaders\FSL\renderSceneShadows.frag.fsl">
      <Filter>FSLShaders</Filter>
    </FSLShader>
    <FSLShader Include="..\..\src\06_MaterialPlayground\Shaders\FSL\renderSceneShadows.vert.fsl">
      <Filter>FSLShaders</Filter>
    </FSLShader>
    <FSLShader Include="..\..\src\06_MaterialPlayground\Shaders\FSL\shaders.list">
      <Filter>FSLShaders</Filter>
    </FSLShader>
    <FSLShader Include="..\..\src\06_MaterialPlayground\Shaders\FSL\showCapsules.frag.fsl">
      <Filter>FSLShaders</Filter>
    </FSLShader>
    <FSLShader Include="..\..\src\06_MaterialPlayground\Shaders\FSL\showCapsules.vert.fsl">
      <Filter>FSLShaders</Filter>
    </FSLShader>
    <FSLShader Include="..\..\src\06_MaterialPlayground\Shaders\FSL\skybox.frag.fsl">
      <Filter>FSLShaders</Filter>
    </FSLShader>
    <FSLShader Include="..\..\src\06_MaterialPlayground\Shaders\FSL\skybox.vert.fsl">
      <Filter>FSLShaders</Filter>
    </FSLShader>
    <None Include="..\..\src\06_MaterialPlayground\GPUCfg\gpu.cfg">
      <Filter>Misc</Filter>
    </None>
    <None Include="..\..\src\06_MaterialPlayground\Scripts\loadGroundTextures.lua">
      <Filter>Scripts</Filter>
    </None>
    <None Include="..\..\src\06_MaterialPlayground\Scripts\loadModels.lua">
      <Filter>Scripts</Filter>
    </None>
    <None Include="..\..\src\06_MaterialPlayground\Scripts\loadTextures.lua">
      <Filter>Scripts</Filter>
    </None>
    <None Include="..\..\src\06_MaterialPlayground\Scripts\Test_Hair.lua">
      <Filter>Scripts</Filter>
    </None>
    <None Include="..\..\src\06_MaterialPlayground\Scripts\Test_Metal.lua">
      <Filter>Scripts</Filter>
    </None>
    <None Include="..\..\src\06_MaterialPlayground\Scripts\Test_Wood.lua">
      <Filter>Scripts</Filter>
    </None>
    <None Include="..\..\src\06_MaterialPlayground\Scripts\updateCamera.lua">
      <Filter>Scripts</Filter>
    </None>
  </ItemGroup>
</Project>