<?xml version="1.0" encoding="utf-8"?>
<Project ToolsVersion="4.0" xmlns="http://schemas.microsoft.com/developer/msbuild/2003">
  <ItemGroup>
    <Filter Include="Shaders\FSL">
      <UniqueIdentifier>{4e131969-0c47-426e-b7a3-ccb411dbded4}</UniqueIdentifier>
    </Filter>
    <Filter Include="Shaders">
      <UniqueIdentifier>{ae186f3e-97f2-4a78-96e1-be0cb9f23e8b}</UniqueIdentifier>
    </Filter>
    <Filter Include="Scripts">
      <UniqueIdentifier>{dca76a17-ed1e-4f31-912d-7eff316fe2ab}</UniqueIdentifier>
    </Filter>
  </ItemGroup>
  <ItemGroup>
    <ClCompile Include="..\..\src\14_WaveIntrinsics\14_WaveIntrinsics.cpp" />
    <FSLShader Include="..\..\src\14_WaveIntrinsics\Shaders\FSL\magnify.frag.fsl">
      <Filter>Shaders\FSL</Filter>
    </FSLShader>
    <FSLShader Include="..\..\src\14_WaveIntrinsics\Shaders\FSL\magnify.vert.fsl">
      <Filter>Shaders\FSL</Filter>
    </FSLShader>
    <FSLShader Include="..\..\src\14_WaveIntrinsics\Shaders\FSL\resources.h.fsl">
      <Filter>Shaders\FSL</Filter>
    </FSLShader>
    <FSLShader Include="..\..\src\14_WaveIntrinsics\Shaders\FSL\ShaderList.fsl">
      <Filter>Shaders\FSL</Filter>
    </FSLShader>
    <FSLShader Include="..\..\src\14_WaveIntrinsics\Shaders\FSL\wave.frag.fsl">
      <Filter>Shaders\FSL</Filter>
    </FSLShader>
    <FSLShader Include="..\..\src\14_WaveIntrinsics\Shaders\FSL\wave.vert.fsl">
      <Filter>Shaders\FSL</Filter>
    </FSLShader>
    <None Include="..\..\src\14_WaveIntrinsics\Scripts\Test_Normal.lua">
      <Filter>Scripts</Filter>
    </None>
    <None Include="..\..\src\14_WaveIntrinsics\Scripts\Test_QuadReadAcross.lua">
      <Filter>Scripts</Filter>
    </None>
    <None Include="..\..\src\14_WaveIntrinsics\Scripts\Test_WaveActiveBallot.lua">
      <Filter>Scripts</Filter>
    </None>
    <None Include="..\..\src\14_WaveIntrinsics\Scripts\Test_WaveActiveSum.lua">
      <Filter>Scripts</Filter>
    </None>
    <None Include="..\..\src\14_WaveIntrinsics\Scripts\Test_WaveGetLaneIndex.lua">
      <Filter>Scripts</Filter>
    </None>
    <None Include="..\..\src\14_WaveIntrinsics\Scripts\Test_WaveGetMaxActiveIndex.lua">
      <Filter>Scripts</Filter>
    </None>
    <None Include="..\..\src\14_WaveIntrinsics\Scripts\Test_WaveIsFirstLane.lua">
      <Filter>Scripts</Filter>
    </None>
    <None Include="..\..\src\14_WaveIntrinsics\Scripts\Test_WavePrefixSum.lua">
      <Filter>Scripts</Filter>
    </None>
    <None Include="..\..\src\14_WaveIntrinsics\Scripts\Test_WaveReadLaneFirst.lua">
      <Filter>Scripts</Filter>
    </None>
  </ItemGroup>
</Project>