// !$*UTF8*$!
{
	archiveVersion = 1;
	classes = {
	};
	objectVersion = 54;
	objects = {

/* Begin PBXBuildFile section */
		28A5AD55201F7276000E571F /* Assets.xcassets in Resources */ = {isa = PBXBuildFile; fileRef = 28A5AD54201F7276000E571F /* Assets.xcassets */; };
		28A5AD58201F7276000E571F /* LaunchScreen.storyboard in Resources */ = {isa = PBXBuildFile; fileRef = 28A5AD56201F7276000E571F /* LaunchScreen.storyboard */; };
		5C172F7E214149FD0074EE71 /* macOSAppDelegate.m in Sources */ = {isa = PBXBuildFile; fileRef = 5C172F7C214149FD0074EE71 /* macOSAppDelegate.m */; };
		5C172F8721414A2C0074EE71 /* libThe-Forge.a in Frameworks */ = {isa = PBXBuildFile; fileRef = 5C172F8421414A0B0074EE71 /* libThe-Forge.a */; };
		5C17303721414E3D0074EE71 /* libThe-Forge_iOS.a in Frameworks */ = {isa = PBXBuildFile; fileRef = 5C17303621414E3D0074EE71 /* libThe-Forge_iOS.a */; };
		5C17303C21414E500074EE71 /* iOSAppDelegate.m in Sources */ = {isa = PBXBuildFile; fileRef = 5C17303B21414E500074EE71 /* iOSAppDelegate.m */; };
		64A4D5392C98AA4000B6B629 /* QuartzCore.framework in Frameworks */ = {isa = PBXBuildFile; fileRef = 7F6E00AC2A93F79100981E7B /* QuartzCore.framework */; };
		64A4D53B2C98AA4500B6B629 /* CoreHaptics.framework in Frameworks */ = {isa = PBXBuildFile; fileRef = 997EE5072A37F4D800FB75C1 /* CoreHaptics.framework */; };
		64A4D53C2C98AA4800B6B629 /* GameController.framework in Frameworks */ = {isa = PBXBuildFile; fileRef = 997EE4E02A37F41F00FB75C1 /* GameController.framework */; };
		64A4D53D2C98AA4D00B6B629 /* MetalPerformanceShaders.framework in Frameworks */ = {isa = PBXBuildFile; fileRef = 650CCC522223C54C003533D9 /* MetalPerformanceShaders.framework */; };
		64A4D53E2C98AA5100B6B629 /* Metal.framework in Frameworks */ = {isa = PBXBuildFile; fileRef = B2087DE621421A4A006F372D /* Metal.framework */; };
		64A4D53F2C98AA5400B6B629 /* MetalKit.framework in Frameworks */ = {isa = PBXBuildFile; fileRef = B2087DE521421A4A006F372D /* MetalKit.framework */; };
		64A4D5412C98AA6400B6B629 /* UIKit.framework in Frameworks */ = {isa = PBXBuildFile; fileRef = 64A4D5402C98AA6400B6B629 /* UIKit.framework */; };
		64A4D5432C98AA6D00B6B629 /* CoreVideo.framework in Frameworks */ = {isa = PBXBuildFile; fileRef = 64A4D5422C98AA6D00B6B629 /* CoreVideo.framework */; };
		650CCC552223C54C003533D9 /* MetalPerformanceShaders.framework in Frameworks */ = {isa = PBXBuildFile; fileRef = 650CCC522223C54C003533D9 /* MetalPerformanceShaders.framework */; };
		7F6E00AD2A93F79100981E7B /* QuartzCore.framework in Frameworks */ = {isa = PBXBuildFile; fileRef = 7F6E00AC2A93F79100981E7B /* QuartzCore.framework */; };
		7F6E00AF2A93F79500981E7B /* AppKit.framework in Frameworks */ = {isa = PBXBuildFile; fileRef = 7F6E00AE2A93F79400981E7B /* AppKit.framework */; };
		7F6E00EF2A93FEBA00981E7B /* IOKit.framework in Frameworks */ = {isa = PBXBuildFile; fileRef = 7F6E00EE2A93FEB900981E7B /* IOKit.framework */; };
		997EE4E32A37F41F00FB75C1 /* GameController.framework in Frameworks */ = {isa = PBXBuildFile; fileRef = 997EE4E02A37F41F00FB75C1 /* GameController.framework */; };
		997EE5082A37F4D800FB75C1 /* CoreHaptics.framework in Frameworks */ = {isa = PBXBuildFile; fileRef = 997EE5072A37F4D800FB75C1 /* CoreHaptics.framework */; };
		B2087DE721421A4A006F372D /* MetalKit.framework in Frameworks */ = {isa = PBXBuildFile; fileRef = B2087DE521421A4A006F372D /* MetalKit.framework */; };
		B2087DE821421A4A006F372D /* Metal.framework in Frameworks */ = {isa = PBXBuildFile; fileRef = B2087DE621421A4A006F372D /* Metal.framework */; };
		B2637CC520C9A2E800D76037 /* 06_MaterialPlayground.cpp in Sources */ = {isa = PBXBuildFile; fileRef = B2637CC420C9A2E800D76037 /* 06_MaterialPlayground.cpp */; };
		B2637CC620C9A2E800D76037 /* 06_MaterialPlayground.cpp in Sources */ = {isa = PBXBuildFile; fileRef = B2637CC420C9A2E800D76037 /* 06_MaterialPlayground.cpp */; };
		D2E631E11F3472DF005BFBA7 /* MainMenu.xib in Resources */ = {isa = PBXBuildFile; fileRef = D2E631DF1F3472DF005BFBA7 /* MainMenu.xib */; };
		EC417DBF2C94DE9E00950982 /* Assets.xcassets in Resources */ = {isa = PBXBuildFile; fileRef = EC417DBE2C94DE9E00950982 /* Assets.xcassets */; };
		EC417DC32C94DEC600950982 /* Info.plist in Resources */ = {isa = PBXBuildFile; fileRef = EC417DC22C94DEC600950982 /* Info.plist */; };
		ED60963D286F3F6000331537 /* ozz_animation.a in Frameworks */ = {isa = PBXBuildFile; fileRef = ED609630286F3ECC00331537 /* ozz_animation.a */; };
		ED60963E286F3F6000331537 /* ozz_base.a in Frameworks */ = {isa = PBXBuildFile; fileRef = ED609632286F3ECC00331537 /* ozz_base.a */; };
		ED609643286F3F6A00331537 /* ozz_animation_IOS.a in Frameworks */ = {isa = PBXBuildFile; fileRef = ED609634286F3ECC00331537 /* ozz_animation_IOS.a */; };
		ED609644286F3F6A00331537 /* ozz_base_IOS.a in Frameworks */ = {isa = PBXBuildFile; fileRef = ED609636286F3ECC00331537 /* ozz_base_IOS.a */; };
/* End PBXBuildFile section */

/* Begin PBXContainerItemProxy section */
		5C172F8321414A0B0074EE71 /* PBXContainerItemProxy */ = {
			isa = PBXContainerItemProxy;
			containerPortal = 5C172F7F21414A0B0074EE71 /* The-Forge.xcodeproj */;
			proxyType = 2;
			remoteGlobalIDString = 5C5582E021413D180019960B;
			remoteInfo = "The-Forge";
		};
		5C17303521414E3D0074EE71 /* PBXContainerItemProxy */ = {
			isa = PBXContainerItemProxy;
			containerPortal = 5C172F7F21414A0B0074EE71 /* The-Forge.xcodeproj */;
			proxyType = 2;
			remoteGlobalIDString = 5C172FC821414C490074EE71;
			remoteInfo = "The-Forge_iOS";
		};
		E95891F623415A2B00B68D6A /* PBXContainerItemProxy */ = {
			isa = PBXContainerItemProxy;
			containerPortal = 5C172F7F21414A0B0074EE71 /* The-Forge.xcodeproj */;
			proxyType = 1;
			remoteGlobalIDString = 5C172FC721414C490074EE71;
			remoteInfo = "The-Forge_iOS";
		};
		E95891F823415A3200B68D6A /* PBXContainerItemProxy */ = {
			isa = PBXContainerItemProxy;
			containerPortal = 5C172F7F21414A0B0074EE71 /* The-Forge.xcodeproj */;
			proxyType = 1;
			remoteGlobalIDString = 5C5582DF21413D180019960B;
			remoteInfo = "The-Forge";
		};
		ED60962F286F3ECC00331537 /* PBXContainerItemProxy */ = {
			isa = PBXContainerItemProxy;
			containerPortal = 654D976A21E9218B00113964 /* ozz.xcodeproj */;
			proxyType = 2;
			remoteGlobalIDString = AD14F53CA01347BBA91C7F42;
			remoteInfo = ozz_animation;
		};
		ED609631286F3ECC00331537 /* PBXContainerItemProxy */ = {
			isa = PBXContainerItemProxy;
			containerPortal = 654D976A21E9218B00113964 /* ozz.xcodeproj */;
			proxyType = 2;
			remoteGlobalIDString = A69A1ECFEC9145D3A46BAA96;
			remoteInfo = ozz_base;
		};
		ED609633286F3ECC00331537 /* PBXContainerItemProxy */ = {
			isa = PBXContainerItemProxy;
			containerPortal = 654D976A21E9218B00113964 /* ozz.xcodeproj */;
			proxyType = 2;
			remoteGlobalIDString = D0796ACD211ED7370028AFFD;
			remoteInfo = ozz_animation_IOS;
		};
		ED609635286F3ECC00331537 /* PBXContainerItemProxy */ = {
			isa = PBXContainerItemProxy;
			containerPortal = 654D976A21E9218B00113964 /* ozz.xcodeproj */;
			proxyType = 2;
			remoteGlobalIDString = D0796ADE211ED7430028AFFD;
			remoteInfo = ozz_base_IOS;
		};
		ED609637286F3ECC00331537 /* PBXContainerItemProxy */ = {
			isa = PBXContainerItemProxy;
			containerPortal = 654D976A21E9218B00113964 /* ozz.xcodeproj */;
			proxyType = 2;
			remoteGlobalIDString = B28C6EEE21B209AA00FBA1BF;
			remoteInfo = "ozz_animation offline";
		};
		ED609639286F3F5800331537 /* PBXContainerItemProxy */ = {
			isa = PBXContainerItemProxy;
			containerPortal = 654D976A21E9218B00113964 /* ozz.xcodeproj */;
			proxyType = 1;
			remoteGlobalIDString = B578F05FA1304339B5CEB8AB;
			remoteInfo = ozz_animation;
		};
		ED60963B286F3F5800331537 /* PBXContainerItemProxy */ = {
			isa = PBXContainerItemProxy;
			containerPortal = 654D976A21E9218B00113964 /* ozz.xcodeproj */;
			proxyType = 1;
			remoteGlobalIDString = ECEC0611C3BB4CAF82DAF102;
			remoteInfo = ozz_base;
		};
		ED60963F286F3F6600331537 /* PBXContainerItemProxy */ = {
			isa = PBXContainerItemProxy;
			containerPortal = 654D976A21E9218B00113964 /* ozz.xcodeproj */;
			proxyType = 1;
			remoteGlobalIDString = D0796ABD211ED7370028AFFD;
			remoteInfo = ozz_animation_IOS;
		};
		ED609641286F3F6600331537 /* PBXContainerItemProxy */ = {
			isa = PBXContainerItemProxy;
			containerPortal = 654D976A21E9218B00113964 /* ozz.xcodeproj */;
			proxyType = 1;
			remoteGlobalIDString = D0796ACE211ED7430028AFFD;
			remoteInfo = ozz_base_IOS;
		};
/* End PBXContainerItemProxy section */

/* Begin PBXFileReference section */
		28A5AD43201F7276000E571F /* 06_MaterialPlayground_iOS.app */ = {isa = PBXFileReference; explicitFileType = wrapper.application; includeInIndex = 0; path = 06_MaterialPlayground_iOS.app; sourceTree = BUILT_PRODUCTS_DIR; };
		28A5AD54201F7276000E571F /* Assets.xcassets */ = {isa = PBXFileReference; lastKnownFileType = folder.assetcatalog; name = Assets.xcassets; path = ../../../Build_Props/XCode/iOS/Assets.xcassets; sourceTree = "<group>"; };
		28A5AD57201F7276000E571F /* Base */ = {isa = PBXFileReference; lastKnownFileType = file.storyboard; name = Base; path = Base.lproj/LaunchScreen.storyboard; sourceTree = "<group>"; };
		28A5AD59201F7276000E571F /* Info.plist */ = {isa = PBXFileReference; lastKnownFileType = text.plist.xml; name = Info.plist; path = ../../../Build_Props/XCode/iOS/Info.plist; sourceTree = "<group>"; };
		5C172F7C214149FD0074EE71 /* macOSAppDelegate.m */ = {isa = PBXFileReference; fileEncoding = 4; lastKnownFileType = sourcecode.c.objc; name = macOSAppDelegate.m; path = ../../../../Common_3/OS/Darwin/macOSAppDelegate.m; sourceTree = "<group>"; };
		5C172F7D214149FD0074EE71 /* macOSAppDelegate.h */ = {isa = PBXFileReference; fileEncoding = 4; lastKnownFileType = sourcecode.c.h; name = macOSAppDelegate.h; path = ../../../../Common_3/OS/Darwin/macOSAppDelegate.h; sourceTree = "<group>"; };
		5C172F7F21414A0B0074EE71 /* The-Forge.xcodeproj */ = {isa = PBXFileReference; lastKnownFileType = "wrapper.pb-project"; name = "The-Forge.xcodeproj"; path = "../The-Forge/The-Forge.xcodeproj"; sourceTree = "<group>"; };
		5C17303A21414E500074EE71 /* iOSAppDelegate.h */ = {isa = PBXFileReference; fileEncoding = 4; lastKnownFileType = sourcecode.c.h; name = iOSAppDelegate.h; path = ../../../../Common_3/OS/Darwin/iOSAppDelegate.h; sourceTree = "<group>"; };
		5C17303B21414E500074EE71 /* iOSAppDelegate.m */ = {isa = PBXFileReference; fileEncoding = 4; lastKnownFileType = sourcecode.c.objc; name = iOSAppDelegate.m; path = ../../../../Common_3/OS/Darwin/iOSAppDelegate.m; sourceTree = "<group>"; };
		64A4D5402C98AA6400B6B629 /* UIKit.framework */ = {isa = PBXFileReference; lastKnownFileType = wrapper.framework; name = UIKit.framework; path = Platforms/iPhoneOS.platform/Developer/SDKs/iPhoneOS17.4.sdk/System/Library/Frameworks/UIKit.framework; sourceTree = DEVELOPER_DIR; };
		64A4D5422C98AA6D00B6B629 /* CoreVideo.framework */ = {isa = PBXFileReference; lastKnownFileType = wrapper.framework; name = CoreVideo.framework; path = Platforms/iPhoneOS.platform/Developer/SDKs/iPhoneOS17.4.sdk/System/Library/Frameworks/CoreVideo.framework; sourceTree = DEVELOPER_DIR; };
		650CCC522223C54C003533D9 /* MetalPerformanceShaders.framework */ = {isa = PBXFileReference; lastKnownFileType = wrapper.framework; name = MetalPerformanceShaders.framework; path = System/Library/Frameworks/MetalPerformanceShaders.framework; sourceTree = SDKROOT; };
		654D976A21E9218B00113964 /* ozz.xcodeproj */ = {isa = PBXFileReference; lastKnownFileType = "wrapper.pb-project"; name = ozz.xcodeproj; path = "../../../../Common_3/Resources/AnimationSystem/ThirdParty/OpenSource/ozz-animation/MacOS/ozz.xcodeproj"; sourceTree = "<group>"; };
		7F6E00AC2A93F79100981E7B /* QuartzCore.framework */ = {isa = PBXFileReference; lastKnownFileType = wrapper.framework; name = QuartzCore.framework; path = System/Library/Frameworks/QuartzCore.framework; sourceTree = SDKROOT; };
		7F6E00AE2A93F79400981E7B /* AppKit.framework */ = {isa = PBXFileReference; lastKnownFileType = wrapper.framework; name = AppKit.framework; path = System/Library/Frameworks/AppKit.framework; sourceTree = SDKROOT; };
		7F6E00EE2A93FEB900981E7B /* IOKit.framework */ = {isa = PBXFileReference; lastKnownFileType = wrapper.framework; name = IOKit.framework; path = System/Library/Frameworks/IOKit.framework; sourceTree = SDKROOT; };
		7F6EFFF02A93D95A00981E7B /* Debug_iOS.xcconfig */ = {isa = PBXFileReference; lastKnownFileType = text.xcconfig; name = Debug_iOS.xcconfig; path = ../../../../Examples_3/Build_Props/XCode/Debug_iOS.xcconfig; sourceTree = "<group>"; };
		7F6EFFF12A93D95A00981E7B /* CommonSettingsDebug.xcconfig */ = {isa = PBXFileReference; lastKnownFileType = text.xcconfig; name = CommonSettingsDebug.xcconfig; path = ../../../../Examples_3/Build_Props/XCode/CommonSettingsDebug.xcconfig; sourceTree = "<group>"; };
		7F6EFFF22A93D95A00981E7B /* Debug_MacOS.xcconfig */ = {isa = PBXFileReference; lastKnownFileType = text.xcconfig; name = Debug_MacOS.xcconfig; path = ../../../../Examples_3/Build_Props/XCode/Debug_MacOS.xcconfig; sourceTree = "<group>"; };
		7F6EFFF32A93D95A00981E7B /* CommonSettingsRelease.xcconfig */ = {isa = PBXFileReference; lastKnownFileType = text.xcconfig; name = CommonSettingsRelease.xcconfig; path = ../../../../Examples_3/Build_Props/XCode/CommonSettingsRelease.xcconfig; sourceTree = "<group>"; };
		7F6EFFF42A93D95A00981E7B /* Release_MacOS.xcconfig */ = {isa = PBXFileReference; lastKnownFileType = text.xcconfig; name = Release_MacOS.xcconfig; path = ../../../../Examples_3/Build_Props/XCode/Release_MacOS.xcconfig; sourceTree = "<group>"; };
		7F6EFFF52A93D95A00981E7B /* TF_App_Shared.xcconfig */ = {isa = PBXFileReference; lastKnownFileType = text.xcconfig; name = TF_App_Shared.xcconfig; path = ../../../../Examples_3/Build_Props/XCode/TF_App_Shared.xcconfig; sourceTree = "<group>"; };
		7F6EFFF62A93D95A00981E7B /* Release_iOS.xcconfig */ = {isa = PBXFileReference; lastKnownFileType = text.xcconfig; name = Release_iOS.xcconfig; path = ../../../../Examples_3/Build_Props/XCode/Release_iOS.xcconfig; sourceTree = "<group>"; };
		997EE4E02A37F41F00FB75C1 /* GameController.framework */ = {isa = PBXFileReference; lastKnownFileType = wrapper.framework; name = GameController.framework; path = System/Library/Frameworks/GameController.framework; sourceTree = SDKROOT; };
		997EE5072A37F4D800FB75C1 /* CoreHaptics.framework */ = {isa = PBXFileReference; lastKnownFileType = wrapper.framework; name = CoreHaptics.framework; path = System/Library/Frameworks/CoreHaptics.framework; sourceTree = SDKROOT; };
		B2087DE521421A4A006F372D /* MetalKit.framework */ = {isa = PBXFileReference; lastKnownFileType = wrapper.framework; name = MetalKit.framework; path = System/Library/Frameworks/MetalKit.framework; sourceTree = SDKROOT; };
		B2087DE621421A4A006F372D /* Metal.framework */ = {isa = PBXFileReference; lastKnownFileType = wrapper.framework; name = Metal.framework; path = System/Library/Frameworks/Metal.framework; sourceTree = SDKROOT; };
		B2637CC420C9A2E800D76037 /* 06_MaterialPlayground.cpp */ = {isa = PBXFileReference; explicitFileType = sourcecode.cpp.objcpp; fileEncoding = 4; path = 06_MaterialPlayground.cpp; sourceTree = "<group>"; };
		D2E631E01F3472DF005BFBA7 /* Base */ = {isa = PBXFileReference; lastKnownFileType = file.xib; name = Base; path = Base.lproj/MainMenu.xib; sourceTree = "<group>"; };
		E970F78A233C5DB6009FE7C4 /* libbz2.tbd */ = {isa = PBXFileReference; lastKnownFileType = "sourcecode.text-based-dylib-definition"; name = libbz2.tbd; path = usr/lib/libbz2.tbd; sourceTree = SDKROOT; };
		EA463C8B1EF81E8F005AC8C7 /* 06_MaterialPlayground.app */ = {isa = PBXFileReference; explicitFileType = wrapper.application; includeInIndex = 0; path = 06_MaterialPlayground.app; sourceTree = BUILT_PRODUCTS_DIR; };
		EC417DBE2C94DE9E00950982 /* Assets.xcassets */ = {isa = PBXFileReference; lastKnownFileType = folder.assetcatalog; name = Assets.xcassets; path = ../../../Build_Props/XCode/MacOS/Assets.xcassets; sourceTree = "<group>"; };
		EC417DC22C94DEC600950982 /* Info.plist */ = {isa = PBXFileReference; fileEncoding = 4; lastKnownFileType = text.plist.xml; name = Info.plist; path = ../../../Build_Props/XCode/MacOS/Info.plist; sourceTree = "<group>"; };
		EC66B86A2C926E920004DC3B /* 06_MaterialPlayground */ = {isa = PBXFileReference; lastKnownFileType = folder; path = 06_MaterialPlayground; sourceTree = "<group>"; };
		EC66B86F2C926F220004DC3B /* Shaders */ = {isa = PBXFileReference; lastKnownFileType = folder; path = Shaders; sourceTree = "<group>"; };
/* End PBXFileReference section */

/* Begin PBXFrameworksBuildPhase section */
		28A5AD40201F7276000E571F /* Frameworks */ = {
			isa = PBXFrameworksBuildPhase;
			buildActionMask = 2147483647;
			files = (
				64A4D5432C98AA6D00B6B629 /* CoreVideo.framework in Frameworks */,
				64A4D5412C98AA6400B6B629 /* UIKit.framework in Frameworks */,
				64A4D53F2C98AA5400B6B629 /* MetalKit.framework in Frameworks */,
				64A4D5392C98AA4000B6B629 /* QuartzCore.framework in Frameworks */,
				ED609643286F3F6A00331537 /* ozz_animation_IOS.a in Frameworks */,
				64A4D53C2C98AA4800B6B629 /* GameController.framework in Frameworks */,
				64A4D53D2C98AA4D00B6B629 /* MetalPerformanceShaders.framework in Frameworks */,
				64A4D53B2C98AA4500B6B629 /* CoreHaptics.framework in Frameworks */,
				ED609644286F3F6A00331537 /* ozz_base_IOS.a in Frameworks */,
				64A4D53E2C98AA5100B6B629 /* Metal.framework in Frameworks */,
				5C17303721414E3D0074EE71 /* libThe-Forge_iOS.a in Frameworks */,
			);
			runOnlyForDeploymentPostprocessing = 0;
		};
		EA463C881EF81E8F005AC8C7 /* Frameworks */ = {
			isa = PBXFrameworksBuildPhase;
			buildActionMask = 2147483647;
			files = (
				ED60963D286F3F6000331537 /* ozz_animation.a in Frameworks */,
				997EE4E32A37F41F00FB75C1 /* GameController.framework in Frameworks */,
				ED60963E286F3F6000331537 /* ozz_base.a in Frameworks */,
				650CCC552223C54C003533D9 /* MetalPerformanceShaders.framework in Frameworks */,
				7F6E00EF2A93FEBA00981E7B /* IOKit.framework in Frameworks */,
				5C172F8721414A2C0074EE71 /* libThe-Forge.a in Frameworks */,
				B2087DE821421A4A006F372D /* Metal.framework in Frameworks */,
				997EE5082A37F4D800FB75C1 /* CoreHaptics.framework in Frameworks */,
				7F6E00AF2A93F79500981E7B /* AppKit.framework in Frameworks */,
				B2087DE721421A4A006F372D /* MetalKit.framework in Frameworks */,
				7F6E00AD2A93F79100981E7B /* QuartzCore.framework in Frameworks */,
			);
			runOnlyForDeploymentPostprocessing = 0;
		};
/* End PBXFrameworksBuildPhase section */

/* Begin PBXGroup section */
		28A5AD44201F7276000E571F /* 06_MaterialPlayground_iOS */ = {
			isa = PBXGroup;
			children = (
				5C17303A21414E500074EE71 /* iOSAppDelegate.h */,
				5C17303B21414E500074EE71 /* iOSAppDelegate.m */,
				28A5AD54201F7276000E571F /* Assets.xcassets */,
				28A5AD56201F7276000E571F /* LaunchScreen.storyboard */,
				28A5AD59201F7276000E571F /* Info.plist */,
			);
			name = 06_MaterialPlayground_iOS;
			sourceTree = "<group>";
		};
		28A5AD99201F7411000E571F /* Frameworks */ = {
			isa = PBXGroup;
			children = (
				64A4D5422C98AA6D00B6B629 /* CoreVideo.framework */,
				64A4D5402C98AA6400B6B629 /* UIKit.framework */,
				7F6E00EE2A93FEB900981E7B /* IOKit.framework */,
				7F6E00AE2A93F79400981E7B /* AppKit.framework */,
				7F6E00AC2A93F79100981E7B /* QuartzCore.framework */,
				997EE5072A37F4D800FB75C1 /* CoreHaptics.framework */,
				997EE4E02A37F41F00FB75C1 /* GameController.framework */,
				E970F78A233C5DB6009FE7C4 /* libbz2.tbd */,
				650CCC522223C54C003533D9 /* MetalPerformanceShaders.framework */,
				B2087DE621421A4A006F372D /* Metal.framework */,
				B2087DE521421A4A006F372D /* MetalKit.framework */,
			);
			name = Frameworks;
			sourceTree = "<group>";
		};
		5C172F8021414A0B0074EE71 /* Products */ = {
			isa = PBXGroup;
			children = (
				5C172F8421414A0B0074EE71 /* libThe-Forge.a */,
				5C17303621414E3D0074EE71 /* libThe-Forge_iOS.a */,
			);
			name = Products;
			sourceTree = "<group>";
		};
		7F6EFFED2A93D95000981E7B /* BuildConfigs */ = {
			isa = PBXGroup;
			children = (
				7F6EFFF12A93D95A00981E7B /* CommonSettingsDebug.xcconfig */,
				7F6EFFF32A93D95A00981E7B /* CommonSettingsRelease.xcconfig */,
				7F6EFFF02A93D95A00981E7B /* Debug_iOS.xcconfig */,
				7F6EFFF22A93D95A00981E7B /* Debug_MacOS.xcconfig */,
				7F6EFFF62A93D95A00981E7B /* Release_iOS.xcconfig */,
				7F6EFFF42A93D95A00981E7B /* Release_MacOS.xcconfig */,
				7F6EFFF52A93D95A00981E7B /* TF_App_Shared.xcconfig */,
			);
			name = BuildConfigs;
			sourceTree = "<group>";
		};
		EA463C821EF81E8F005AC8C7 = {
			isa = PBXGroup;
			children = (
				EC66B8662C926E2E0004DC3B /* Art */,
				EC66B8682C926E380004DC3B /* Examples_3 */,
				7F6EFFED2A93D95000981E7B /* BuildConfigs */,
				654D976A21E9218B00113964 /* ozz.xcodeproj */,
				5C172F7F21414A0B0074EE71 /* The-Forge.xcodeproj */,
				EA463C941EF81E8F005AC8C7 /* 06_MaterialPlayground */,
				28A5AD44201F7276000E571F /* 06_MaterialPlayground_iOS */,
				EA463C8C1EF81E8F005AC8C7 /* Products */,
				28A5AD99201F7411000E571F /* Frameworks */,
			);
			sourceTree = "<group>";
		};
		EA463C8C1EF81E8F005AC8C7 /* Products */ = {
			isa = PBXGroup;
			children = (
				EA463C8B1EF81E8F005AC8C7 /* 06_MaterialPlayground.app */,
				28A5AD43201F7276000E571F /* 06_MaterialPlayground_iOS.app */,
			);
			name = Products;
			sourceTree = "<group>";
		};
		EA463C941EF81E8F005AC8C7 /* 06_MaterialPlayground */ = {
			isa = PBXGroup;
			children = (
				EC417DC22C94DEC600950982 /* Info.plist */,
				EC417DBE2C94DE9E00950982 /* Assets.xcassets */,
				5C172F7D214149FD0074EE71 /* macOSAppDelegate.h */,
				5C172F7C214149FD0074EE71 /* macOSAppDelegate.m */,
				D2E631DF1F3472DF005BFBA7 /* MainMenu.xib */,
			);
			name = 06_MaterialPlayground;
			sourceTree = SOURCE_ROOT;
		};
		EC66B8662C926E2E0004DC3B /* Art */ = {
			isa = PBXGroup;
			children = (
				EC66B8692C926E660004DC3B /* Scripts */,
			);
			name = Art;
			path = ../../../../Art;
			sourceTree = "<group>";
		};
		EC66B8682C926E380004DC3B /* Examples_3 */ = {
			isa = PBXGroup;
			children = (
				EC66B86C2C926EA70004DC3B /* Unit_Tests */,
			);
			name = Examples_3;
			path = ../../..;
			sourceTree = "<group>";
		};
		EC66B8692C926E660004DC3B /* Scripts */ = {
			isa = PBXGroup;
			children = (
				EC66B86A2C926E920004DC3B /* 06_MaterialPlayground */,
			);
			path = Scripts;
			sourceTree = "<group>";
		};
		EC66B86C2C926EA70004DC3B /* Unit_Tests */ = {
			isa = PBXGroup;
			children = (
				EC66B86D2C926EB80004DC3B /* src */,
			);
			path = Unit_Tests;
			sourceTree = "<group>";
		};
		EC66B86D2C926EB80004DC3B /* src */ = {
			isa = PBXGroup;
			children = (
				EC66B86E2C926ED80004DC3B /* 06_MaterialPlayground */,
			);
			path = src;
			sourceTree = "<group>";
		};
		EC66B86E2C926ED80004DC3B /* 06_MaterialPlayground */ = {
			isa = PBXGroup;
			children = (
				EC66B86F2C926F220004DC3B /* Shaders */,
				B2637CC420C9A2E800D76037 /* 06_MaterialPlayground.cpp */,
			);
			path = 06_MaterialPlayground;
			sourceTree = "<group>";
		};
		ED609625286F3ECC00331537 /* Products */ = {
			isa = PBXGroup;
			children = (
				ED609630286F3ECC00331537 /* ozz_animation.a */,
				ED609632286F3ECC00331537 /* ozz_base.a */,
				ED609634286F3ECC00331537 /* ozz_animation_IOS.a */,
				ED609636286F3ECC00331537 /* ozz_base_IOS.a */,
				ED609638286F3ECC00331537 /* ozz_animation offline.a */,
			);
			name = Products;
			sourceTree = "<group>";
		};
/* End PBXGroup section */

/* Begin PBXNativeTarget section */
		28A5AD42201F7276000E571F /* 06_MaterialPlayground_iOS */ = {
			isa = PBXNativeTarget;
			buildConfigurationList = 28A5AD5E201F7276000E571F /* Build configuration list for PBXNativeTarget "06_MaterialPlayground_iOS" */;
			buildPhases = (
				28A5AD3F201F7276000E571F /* Sources */,
				28A5AD40201F7276000E571F /* Frameworks */,
				28A5AD41201F7276000E571F /* Resources */,
				5CC501C624D219F8003B62CC /* ShellScript */,
				09934195284E96AD00215997 /* ShellScript */,
			);
			buildRules = (
			);
			dependencies = (
				ED609640286F3F6600331537 /* PBXTargetDependency */,
				ED609642286F3F6600331537 /* PBXTargetDependency */,
				E95891F723415A2B00B68D6A /* PBXTargetDependency */,
			);
			name = 06_MaterialPlayground_iOS;
			productName = 06_BRDF_iOS;
			productReference = 28A5AD43201F7276000E571F /* 06_MaterialPlayground_iOS.app */;
			productType = "com.apple.product-type.application";
		};
		EA463C8A1EF81E8F005AC8C7 /* 06_MaterialPlayground */ = {
			isa = PBXNativeTarget;
			buildConfigurationList = EA463CAC1EF81E8F005AC8C7 /* Build configuration list for PBXNativeTarget "06_MaterialPlayground" */;
			buildPhases = (
				EA463C871EF81E8F005AC8C7 /* Sources */,
				EA463C881EF81E8F005AC8C7 /* Frameworks */,
				EA463C891EF81E8F005AC8C7 /* Resources */,
				5C13A4D924D1A6480023D339 /* Run Script */,
				09934194284E969300215997 /* ShellScript */,
			);
			buildRules = (
			);
			dependencies = (
				ED60963A286F3F5800331537 /* PBXTargetDependency */,
				ED60963C286F3F5800331537 /* PBXTargetDependency */,
				E95891F923415A3200B68D6A /* PBXTargetDependency */,
			);
			name = 06_MaterialPlayground;
			productName = 02_Texture;
			productReference = EA463C8B1EF81E8F005AC8C7 /* 06_MaterialPlayground.app */;
			productType = "com.apple.product-type.application";
		};
/* End PBXNativeTarget section */

/* Begin PBXProject section */
		EA463C831EF81E8F005AC8C7 /* Project object */ = {
			isa = PBXProject;
			attributes = {
				LastUpgradeCheck = 1130;
				ORGANIZATIONNAME = "Confetti-FX";
				TargetAttributes = {
					28A5AD42201F7276000E571F = {
						CreatedOnToolsVersion = 9.2;
						ProvisioningStyle = Automatic;
					};
					EA463C8A1EF81E8F005AC8C7 = {
						CreatedOnToolsVersion = 8.3.3;
						ProvisioningStyle = Automatic;
					};
				};
			};
			buildConfigurationList = EA463C861EF81E8F005AC8C7 /* Build configuration list for PBXProject "06_MaterialPlayground" */;
			compatibilityVersion = "Xcode 9.3";
			developmentRegion = en;
			hasScannedForEncodings = 0;
			knownRegions = (
				en,
				Base,
			);
			mainGroup = EA463C821EF81E8F005AC8C7;
			productRefGroup = EA463C8C1EF81E8F005AC8C7 /* Products */;
			projectDirPath = "";
			projectReferences = (
				{
					ProductGroup = ED609625286F3ECC00331537 /* Products */;
					ProjectRef = 654D976A21E9218B00113964 /* ozz.xcodeproj */;
				},
				{
					ProductGroup = 5C172F8021414A0B0074EE71 /* Products */;
					ProjectRef = 5C172F7F21414A0B0074EE71 /* The-Forge.xcodeproj */;
				},
			);
			projectRoot = "";
			targets = (
				EA463C8A1EF81E8F005AC8C7 /* 06_MaterialPlayground */,
				28A5AD42201F7276000E571F /* 06_MaterialPlayground_iOS */,
			);
		};
/* End PBXProject section */

/* Begin PBXReferenceProxy section */
		5C172F8421414A0B0074EE71 /* libThe-Forge.a */ = {
			isa = PBXReferenceProxy;
			fileType = archive.ar;
			path = "libThe-Forge.a";
			remoteRef = 5C172F8321414A0B0074EE71 /* PBXContainerItemProxy */;
			sourceTree = BUILT_PRODUCTS_DIR;
		};
		5C17303621414E3D0074EE71 /* libThe-Forge_iOS.a */ = {
			isa = PBXReferenceProxy;
			fileType = archive.ar;
			path = "libThe-Forge_iOS.a";
			remoteRef = 5C17303521414E3D0074EE71 /* PBXContainerItemProxy */;
			sourceTree = BUILT_PRODUCTS_DIR;
		};
		ED609630286F3ECC00331537 /* ozz_animation.a */ = {
			isa = PBXReferenceProxy;
			fileType = archive.ar;
			path = ozz_animation.a;
			remoteRef = ED60962F286F3ECC00331537 /* PBXContainerItemProxy */;
			sourceTree = BUILT_PRODUCTS_DIR;
		};
		ED609632286F3ECC00331537 /* ozz_base.a */ = {
			isa = PBXReferenceProxy;
			fileType = archive.ar;
			path = ozz_base.a;
			remoteRef = ED609631286F3ECC00331537 /* PBXContainerItemProxy */;
			sourceTree = BUILT_PRODUCTS_DIR;
		};
		ED609634286F3ECC00331537 /* ozz_animation_IOS.a */ = {
			isa = PBXReferenceProxy;
			fileType = archive.ar;
			path = ozz_animation_IOS.a;
			remoteRef = ED609633286F3ECC00331537 /* PBXContainerItemProxy */;
			sourceTree = BUILT_PRODUCTS_DIR;
		};
		ED609636286F3ECC00331537 /* ozz_base_IOS.a */ = {
			isa = PBXReferenceProxy;
			fileType = archive.ar;
			path = ozz_base_IOS.a;
			remoteRef = ED609635286F3ECC00331537 /* PBXContainerItemProxy */;
			sourceTree = BUILT_PRODUCTS_DIR;
		};
		ED609638286F3ECC00331537 /* ozz_animation offline.a */ = {
			isa = PBXReferenceProxy;
			fileType = archive.ar;
			path = "ozz_animation offline.a";
			remoteRef = ED609637286F3ECC00331537 /* PBXContainerItemProxy */;
			sourceTree = BUILT_PRODUCTS_DIR;
		};
/* End PBXReferenceProxy section */

/* Begin PBXResourcesBuildPhase section */
		28A5AD41201F7276000E571F /* Resources */ = {
			isa = PBXResourcesBuildPhase;
			buildActionMask = 2147483647;
			files = (
				28A5AD58201F7276000E571F /* LaunchScreen.storyboard in Resources */,
				28A5AD55201F7276000E571F /* Assets.xcassets in Resources */,
			);
			runOnlyForDeploymentPostprocessing = 0;
		};
		EA463C891EF81E8F005AC8C7 /* Resources */ = {
			isa = PBXResourcesBuildPhase;
			buildActionMask = 2147483647;
			files = (
				EC417DBF2C94DE9E00950982 /* Assets.xcassets in Resources */,
				EC417DC32C94DEC600950982 /* Info.plist in Resources */,
				D2E631E11F3472DF005BFBA7 /* MainMenu.xib in Resources */,
			);
			runOnlyForDeploymentPostprocessing = 0;
		};
/* End PBXResourcesBuildPhase section */

/* Begin PBXShellScriptBuildPhase section */
		09934194284E969300215997 /* ShellScript */ = {
			isa = PBXShellScriptBuildPhase;
			alwaysOutOfDate = 1;
			buildActionMask = 2147483647;
			files = (
			);
			inputFileListPaths = (
			);
			inputPaths = (
			);
			outputFileListPaths = (
			);
			outputPaths = (
			);
			runOnlyForDeploymentPostprocessing = 0;
			shellPath = /bin/sh;
			shellScript = "[[ $CONFIGURATION = \"Debug\" ]] && debug=\"--debug\"\n\npython3 ../../../../Common_3/Tools/ForgeShadingLanguage/fsl.py --verbose \"$SRCROOT/../../src/$PROJECT_NAME/Shaders/FSL/ShaderList.fsl\" -d \"${CONFIGURATION_BUILD_DIR}/${CONTENTS_FOLDER_PATH}/Resources/Shaders/\" -b \"${CONFIGURATION_BUILD_DIR}/${CONTENTS_FOLDER_PATH}/Resources/CompiledShaders\" -i \"${OBJROOT}\" --cache-args -l MACOS --incremental --compile $debug\n";
			showEnvVarsInLog = 0;
		};
		09934195284E96AD00215997 /* ShellScript */ = {
			isa = PBXShellScriptBuildPhase;
			alwaysOutOfDate = 1;
			buildActionMask = 2147483647;
			files = (
			);
			inputFileListPaths = (
			);
			inputPaths = (
			);
			outputFileListPaths = (
			);
			outputPaths = (
			);
			runOnlyForDeploymentPostprocessing = 0;
			shellPath = /bin/sh;
			shellScript = "[[ $CONFIGURATION = \"Debug\" ]] && debug=\"--debug\"\n\npython3 ../../../../Common_3/Tools/ForgeShadingLanguage/fsl.py --verbose \"$SRCROOT/../../src/$PROJECT_NAME/Shaders/FSL/ShaderList.fsl\" -d \"${CONFIGURATION_BUILD_DIR}/${CONTENTS_FOLDER_PATH}/Shaders/\" -b \"${CONFIGURATION_BUILD_DIR}/${CONTENTS_FOLDER_PATH}/CompiledShaders\" -i \"${OBJROOT}\" --cache-args -l IOS  --incremental --compile $debug\n";
			showEnvVarsInLog = 0;
		};
		5C13A4D924D1A6480023D339 /* Run Script */ = {
			isa = PBXShellScriptBuildPhase;
			buildActionMask = 2147483647;
			files = (
			);
			inputFileListPaths = (
			);
			inputPaths = (
			);
			name = "Run Script";
			outputFileListPaths = (
			);
			outputPaths = (
			);
			runOnlyForDeploymentPostprocessing = 0;
			shellPath = /bin/sh;
			shellScript = "DST=\"$CONFIGURATION_BUILD_DIR/$CONTENTS_FOLDER_PATH/Resources\"\nASSETS=\"$SRCROOT/../../../../Art\"\nART=\"$SRCROOT/../../../../Art\"\nSRC=\"$SRCROOT/../../src/$PROJECT_NAME\"\nMID=\"$SRCROOT/../../../../Middleware_3\"\n\n# Common resources (Shaders, Fonts, Scripts, GPUCfg)\n# Path is The-Forge/Examples_3/Unit_Tests/macOS Xcode/common_post_build.command\n/bin/sh \"$SRCROOT/../common_post_build.command\" \"$SRC\" \"$SRCROOT\" \"$ASSETS\" \"$DST\" \"$PROJECT_NAME\" \"TRUE\"\n\n# Materials\n\"$SRC/compile_materials.sh\" \"$SRCROOT/../../../../\" \"$SRC/Materials\" \"$DST/CompiledMaterials\"\n \n# Necessary because ReloadServer.py expect to be executed with cwd = \"The-Forge\"\ncd \"$SRCROOT/../../../../\"\n/bin/sh \"Common_3/Tools/ReloadServer/ReloadServer.sh\" > \"Common_3/Tools/ReloadServer/server-log.txt\" 2>&1 &\n";
		};
		5CC501C624D219F8003B62CC /* ShellScript */ = {
			isa = PBXShellScriptBuildPhase;
			buildActionMask = 2147483647;
			files = (
			);
			inputFileListPaths = (
			);
			inputPaths = (
			);
			outputFileListPaths = (
			);
			outputPaths = (
			);
			runOnlyForDeploymentPostprocessing = 0;
			shellPath = /bin/sh;
			shellScript = "DST=\"$CONFIGURATION_BUILD_DIR/$CONTENTS_FOLDER_PATH\"\nASSETS=\"$SRCROOT/../../../../Art\"\nART=\"$SRCROOT/../../../../Art\"\nSRC=\"$SRCROOT/../../src/$PROJECT_NAME\"\nMID=\"$SRCROOT/../../../../Middleware_3\"\n\n# Textures\nmkdir -p \"$DST/Textures/PBR/\"\nrsync -u -rv --include '*/' --include '*.tex' --exclude '*' --prune-empty-dirs \"$ART/Textures/ktx/PBR/\" \"$DST/Textures/PBR/\"\nrsync -u \"$ASSETS/Textures/ktx/LA_Helipad3D.tex\" \"$DST/Textures/\"\nrsync -u \"$ASSETS/Textures/ktx/circlepad.tex\" \"$DST/Textures/\"\nrsync -u -rv --include '*/' --include '*.tex' --exclude '*' --prune-empty-dirs \"$ART/Textures/ktx/Particles/\" \"$DST/Textures/Particles/\"\n\n# Meshes\nmkdir -p \"$DST/Meshes/Hair\"\nrsync -u -r \"$ASSETS/Meshes/Hair/\" \"$DST/Meshes/Hair\"\nrsync -u -r \"$ASSETS/Meshes/\" \"$DST/Meshes\"\n\n# Animation\nrsync -u -rv --include '*/' --include '*.ozz' --exclude '*' --prune-empty-dirs \"$ASSETS/Animation/\" \"$DST/Animation\"\n\n# Common resources (Shaders, Fonts, Scripts, GPUCfg)\n# Path is The-Forge/Examples_3/Unit_Tests/macOS Xcode/common_post_build.command\n/bin/sh \"$SRCROOT/../common_post_build.command\" \"$SRC\" \"$SRCROOT\" \"$ASSETS\" \"$DST\" \"$PROJECT_NAME\"\n\n# Materials\n\"$SRC/compile_materials.sh\" \"$SRCROOT/../../../../\" \"$SRC/Materials\" \"$DST/CompiledMaterials\"\n\n# Necessary because ReloadServer.py expect to be executed with cwd = \"The-Forge\"\ncd \"$SRCROOT/../../../../\"\n/bin/sh \"Common_3/Tools/ReloadServer/ReloadServer.sh\" > \"Common_3/Tools/ReloadServer/server-log.txt\" 2>&1 &\n";
		};
/* End PBXShellScriptBuildPhase section */

/* Begin PBXSourcesBuildPhase section */
		28A5AD3F201F7276000E571F /* Sources */ = {
			isa = PBXSourcesBuildPhase;
			buildActionMask = 2147483647;
			files = (
				B2637CC620C9A2E800D76037 /* 06_MaterialPlayground.cpp in Sources */,
				5C17303C21414E500074EE71 /* iOSAppDelegate.m in Sources */,
			);
			runOnlyForDeploymentPostprocessing = 0;
		};
		EA463C871EF81E8F005AC8C7 /* Sources */ = {
			isa = PBXSourcesBuildPhase;
			buildActionMask = 2147483647;
			files = (
				5C172F7E214149FD0074EE71 /* macOSAppDelegate.m in Sources */,
				B2637CC520C9A2E800D76037 /* 06_MaterialPlayground.cpp in Sources */,
			);
			runOnlyForDeploymentPostprocessing = 0;
		};
/* End PBXSourcesBuildPhase section */

/* Begin PBXTargetDependency section */
		E95891F723415A2B00B68D6A /* PBXTargetDependency */ = {
			isa = PBXTargetDependency;
			name = "The-Forge_iOS";
			targetProxy = E95891F623415A2B00B68D6A /* PBXContainerItemProxy */;
		};
		E95891F923415A3200B68D6A /* PBXTargetDependency */ = {
			isa = PBXTargetDependency;
			name = "The-Forge";
			targetProxy = E95891F823415A3200B68D6A /* PBXContainerItemProxy */;
		};
		ED60963A286F3F5800331537 /* PBXTargetDependency */ = {
			isa = PBXTargetDependency;
			name = ozz_animation;
			targetProxy = ED609639286F3F5800331537 /* PBXContainerItemProxy */;
		};
		ED60963C286F3F5800331537 /* PBXTargetDependency */ = {
			isa = PBXTargetDependency;
			name = ozz_base;
			targetProxy = ED60963B286F3F5800331537 /* PBXContainerItemProxy */;
		};
		ED609640286F3F6600331537 /* PBXTargetDependency */ = {
			isa = PBXTargetDependency;
			name = ozz_animation_IOS;
			targetProxy = ED60963F286F3F6600331537 /* PBXContainerItemProxy */;
		};
		ED609642286F3F6600331537 /* PBXTargetDependency */ = {
			isa = PBXTargetDependency;
			name = ozz_base_IOS;
			targetProxy = ED609641286F3F6600331537 /* PBXContainerItemProxy */;
		};
/* End PBXTargetDependency section */

/* Begin PBXVariantGroup section */
		28A5AD56201F7276000E571F /* LaunchScreen.storyboard */ = {
			isa = PBXVariantGroup;
			children = (
				28A5AD57201F7276000E571F /* Base */,
			);
			name = LaunchScreen.storyboard;
			path = ../../../Build_Props/XCode/iOS;
			sourceTree = "<group>";
		};
		D2E631DF1F3472DF005BFBA7 /* MainMenu.xib */ = {
			isa = PBXVariantGroup;
			children = (
				D2E631E01F3472DF005BFBA7 /* Base */,
			);
			name = MainMenu.xib;
			path = ../../../Build_Props/XCode/MacOS;
			sourceTree = "<group>";
		};
/* End PBXVariantGroup section */

/* Begin XCBuildConfiguration section */
		28A5AD5C201F7276000E571F /* Debug */ = {
			isa = XCBuildConfiguration;
			baseConfigurationReference = 7F6EFFF02A93D95A00981E7B /* Debug_iOS.xcconfig */;
			buildSettings = {
				CODE_SIGN_IDENTITY = "iPhone Developer";
				CODE_SIGN_STYLE = Automatic;
				DEVELOPMENT_TEAM = BT67ZY58A8;
				HEADER_SEARCH_PATHS = "";
				INFOPLIST_FILE = ../../../Build_Props/XCode/iOS/Info.plist;
				IPHONEOS_DEPLOYMENT_TARGET = 14.1;
				LD_RUNPATH_SEARCH_PATHS = (
					"$(inherited)",
					"@executable_path/Frameworks",
				);
				PRODUCT_NAME = "$(TARGET_NAME)";
				SDKROOT = iphoneos;
			};
			name = Debug;
		};
		28A5AD5D201F7276000E571F /* Release */ = {
			isa = XCBuildConfiguration;
			baseConfigurationReference = 7F6EFFF62A93D95A00981E7B /* Release_iOS.xcconfig */;
			buildSettings = {
				CODE_SIGN_IDENTITY = "iPhone Developer";
				CODE_SIGN_STYLE = Automatic;
				DEVELOPMENT_TEAM = BT67ZY58A8;
				HEADER_SEARCH_PATHS = "";
				INFOPLIST_FILE = ../../../Build_Props/XCode/iOS/Info.plist;
				IPHONEOS_DEPLOYMENT_TARGET = 14.1;
				LD_RUNPATH_SEARCH_PATHS = (
					"$(inherited)",
					"@executable_path/Frameworks",
				);
				PRODUCT_NAME = "$(TARGET_NAME)";
				SDKROOT = iphoneos;
			};
			name = Release;
		};
		EA463CAA1EF81E8F005AC8C7 /* Debug */ = {
			isa = XCBuildConfiguration;
			baseConfigurationReference = 7F6EFFF52A93D95A00981E7B /* TF_App_Shared.xcconfig */;
			buildSettings = {
			};
			name = Debug;
		};
		EA463CAB1EF81E8F005AC8C7 /* Release */ = {
			isa = XCBuildConfiguration;
			baseConfigurationReference = 7F6EFFF52A93D95A00981E7B /* TF_App_Shared.xcconfig */;
			buildSettings = {
			};
			name = Release;
		};
		EA463CAD1EF81E8F005AC8C7 /* Debug */ = {
			isa = XCBuildConfiguration;
			baseConfigurationReference = 7F6EFFF22A93D95A00981E7B /* Debug_MacOS.xcconfig */;
			buildSettings = {
				HEADER_SEARCH_PATHS = "";
				INFOPLIST_FILE = ../../../Build_Props/XCode/MacOS/Info.plist;
				LD_RUNPATH_SEARCH_PATHS = (
					"$(inherited)",
					"@executable_path/../Frameworks",
				);
				PRODUCT_NAME = "$(TARGET_NAME)";
				SDKROOT = macosx;
			};
			name = Debug;
		};
		EA463CAE1EF81E8F005AC8C7 /* Release */ = {
			isa = XCBuildConfiguration;
			baseConfigurationReference = 7F6EFFF42A93D95A00981E7B /* Release_MacOS.xcconfig */;
			buildSettings = {
				HEADER_SEARCH_PATHS = "";
				INFOPLIST_FILE = ../../../Build_Props/XCode/MacOS/Info.plist;
				LD_RUNPATH_SEARCH_PATHS = (
					"$(inherited)",
					"@executable_path/../Frameworks",
				);
				PRODUCT_NAME = "$(TARGET_NAME)";
				SDKROOT = macosx;
			};
			name = Release;
		};
/* End XCBuildConfiguration section */

/* Begin XCConfigurationList section */
		28A5AD5E201F7276000E571F /* Build configuration list for PBXNativeTarget "06_MaterialPlayground_iOS" */ = {
			isa = XCConfigurationList;
			buildConfigurations = (
				28A5AD5C201F7276000E571F /* Debug */,
				28A5AD5D201F7276000E571F /* Release */,
			);
			defaultConfigurationIsVisible = 0;
			defaultConfigurationName = Debug;
		};
		EA463C861EF81E8F005AC8C7 /* Build configuration list for PBXProject "06_MaterialPlayground" */ = {
			isa = XCConfigurationList;
			buildConfigurations = (
				EA463CAA1EF81E8F005AC8C7 /* Debug */,
				EA463CAB1EF81E8F005AC8C7 /* Release */,
			);
			defaultConfigurationIsVisible = 0;
			defaultConfigurationName = Debug;
		};
		EA463CAC1EF81E8F005AC8C7 /* Build configuration list for PBXNativeTarget "06_MaterialPlayground" */ = {
			isa = XCConfigurationList;
			buildConfigurations = (
				EA463CAD1EF81E8F005AC8C7 /* Debug */,
				EA463CAE1EF81E8F005AC8C7 /* Release */,
			);
			defaultConfigurationIsVisible = 0;
			defaultConfigurationName = Debug;
		};
/* End XCConfigurationList section */
	};
	rootObject = EA463C831EF81E8F005AC8C7 /* Project object */;
}
