<?xml version="1.0" encoding="utf-8"?>
<Project ToolsVersion="4.0" xmlns="http://schemas.microsoft.com/developer/msbuild/2003">
  <ItemGroup>
    <Filter Include="Vulkan">
      <UniqueIdentifier>{1f03fa13-fc22-45c1-8f88-99af39f88bee}</UniqueIdentifier>
    </Filter>
    <Filter Include="FSL">
      <UniqueIdentifier>{2aad2722-bc0f-4f65-bfd7-05935e2590ee}</UniqueIdentifier>
    </Filter>
    <Filter Include="Interfaces">
      <UniqueIdentifier>{75089a1d-58a5-415b-b255-9f91134de3e0}</UniqueIdentifier>
    </Filter>
    <Filter Include="ThirdParty\OpenSource\VulkanMemoryAllocator">
      <UniqueIdentifier>{68162f05-792a-47f4-ab30-e5b77548d435}</UniqueIdentifier>
    </Filter>
    <Filter Include="ThirdParty\OpenSource">
      <UniqueIdentifier>{dbaa15eb-ad48-4621-8a17-391fb3178ce2}</UniqueIdentifier>
    </Filter>
    <Filter Include="ThirdParty">
      <UniqueIdentifier>{263e00a3-46f9-4533-8891-5b0d7b57becd}</UniqueIdentifier>
    </Filter>
  </ItemGroup>
  <ItemGroup>
    <ClCompile Include="..\..\..\..\..\Common_3\Graphics\Vulkan\Vulkan.c">
      <Filter>Vulkan</Filter>
    </ClCompile>
    <ClCompile Include="..\..\..\..\..\Common_3\Graphics\Vulkan\Vulkan_cxx.cpp">
      <Filter>Vulkan</Filter>
    </ClCompile>
    <ClCompile Include="..\..\..\..\..\Common_3\Graphics\Vulkan\VulkanRaytracing.c">
      <Filter>Vulkan</Filter>
    </ClCompile>
    <ClInclude Include="..\..\..\..\..\Common_3\Graphics\FSL\defaults.h">
      <Filter>FSL</Filter>
    </ClInclude>
    <ClInclude Include="..\..\..\..\..\Common_3\Graphics\FSL\fsl_srt.h">
      <Filter>FSL</Filter>
    </ClInclude>
    <ClInclude Include="..\..\..\..\..\Common_3\Graphics\FSL\vulkan_srt.h">
      <Filter>FSL</Filter>
    </ClInclude>
    <ClInclude Include="..\..\..\..\..\Common_3\Graphics\Interfaces\IGraphics.h">
      <Filter>Interfaces</Filter>
    </ClInclude>
    <ClInclude Include="..\..\..\..\..\Common_3\Graphics\Interfaces\IRay.h">
      <Filter>Interfaces</Filter>
    </ClInclude>
    <ClInclude Include="..\..\..\..\..\Common_3\Graphics\Vulkan\VulkanCapsBuilder.h">
      <Filter>Vulkan</Filter>
    </ClInclude>
    <ClInclude Include="..\..\..\..\..\Common_3\Graphics\Vulkan\VulkanConfig.h">
      <Filter>Vulkan</Filter>
    </ClInclude>
    <ClInclude Include="..\..\..\..\..\Common_3\Graphics\ThirdParty\OpenSource\VulkanMemoryAllocator\VulkanMemoryAllocator.h">
      <Filter>ThirdParty\OpenSource\VulkanMemoryAllocator</Filter>
    </ClInclude>
  </ItemGroup>
</Project>